
Microsoft Visual Studio Solution File, Format Version 12.00
# Visual Studio 14
VisualStudioVersion = 14.0.25420.1
MinimumVisualStudioVersion = 10.0.40219.1
Project("{FAE04EC0-301F-11D3-BF4B-00C04F79EFBC}") = "F4KeyFileViewer", "F4KeyFileViewer.csproj", "{91754154-EA85-4117-A570-71014BEC82AE}"
EndProject
Project("{FAE04EC0-301F-11D3-BF4B-00C04F79EFBC}") = "Common", "..\Common\Common.csproj", "{ABA9CC75-B778-4E46-A6F6-AFEC27F2EB59}"
EndProject
Project("{FAE04EC0-301F-11D3-BF4B-00C04F79EFBC}") = "F4KeyFile", "..\F4KeyFile\F4KeyFile.csproj", "{EEED5595-6EB8-473D-B487-334B45D753A6}"
EndProject
Project("{54435603-DBB4-11D2-8724-00A0C9A8B90C}") = "F4KeyFileViewerSetup", "F4KeyFileViewerSetup\F4KeyFileViewerSetup.vdproj", "{F413DC65-2AE9-4BEC-B014-2C23F235DCA3}"
EndProject
Project("{FAE04EC0-301F-11D3-BF4B-00C04F79EFBC}") = "Common.Application", "..\Common\Application\Common.Application.csproj", "{0CDB21CA-A5F7-446C-837E-C7C37238F2D7}"
EndProject
Project("{FAE04EC0-301F-11D3-BF4B-00C04F79EFBC}") = "Common.UI", "..\Common\UI\Common.UI.csproj", "{3FC238BA-7FC2-47AE-AE45-7CF199EDBE08}"
EndProject
Project("{2150E333-8FDC-42A3-9474-1A3956D46DE8}") = "Common", "Common", "{3E9CEB6F-CC7C-4C50-BF09-CDB29ACF79FA}"
EndProject
Project("{2150E333-8FDC-42A3-9474-1A3956D46DE8}") = "F4KeyFile", "F4KeyFile", "{CB776FB1-EE2C-4D5F-9B1E-AFE4A7587D7D}"
EndProject
Project("{FAE04EC0-301F-11D3-BF4B-00C04F79EFBC}") = "Common.Win32", "..\Common\Win32\Common.Win32.csproj", "{188090E9-8B00-457B-85EB-F48BCDD94B0B}"
EndProject
Project("{FAE04EC0-301F-11D3-BF4B-00C04F79EFBC}") = "Common.Drawing", "..\Common\Drawing\Common.Drawing.csproj", "{5649A340-1475-4116-B5A1-CD21A99387F5}"
EndProject
Global
	GlobalSection(SolutionConfigurationPlatforms) = preSolution
		Debug|x86 = Debug|x86
		Release|x86 = Release|x86
	EndGlobalSection
	GlobalSection(ProjectConfigurationPlatforms) = postSolution
		{91754154-EA85-4117-A570-71014BEC82AE}.Debug|x86.ActiveCfg = Debug|x86
		{91754154-EA85-4117-A570-71014BEC82AE}.Debug|x86.Build.0 = Debug|x86
		{91754154-EA85-4117-A570-71014BEC82AE}.Release|x86.ActiveCfg = Release|x86
		{91754154-EA85-4117-A570-71014BEC82AE}.Release|x86.Build.0 = Release|x86
		{ABA9CC75-B778-4E46-A6F6-AFEC27F2EB59}.Debug|x86.ActiveCfg = Debug|x86
		{ABA9CC75-B778-4E46-A6F6-AFEC27F2EB59}.Debug|x86.Build.0 = Debug|x86
		{ABA9CC75-B778-4E46-A6F6-AFEC27F2EB59}.Release|x86.ActiveCfg = Release|x86
		{ABA9CC75-B778-4E46-A6F6-AFEC27F2EB59}.Release|x86.Build.0 = Release|x86
		{EEED5595-6EB8-473D-B487-334B45D753A6}.Debug|x86.ActiveCfg = Debug|x86
		{EEED5595-6EB8-473D-B487-334B45D753A6}.Debug|x86.Build.0 = Debug|x86
		{EEED5595-6EB8-473D-B487-334B45D753A6}.Release|x86.ActiveCfg = Release|x86
		{EEED5595-6EB8-473D-B487-334B45D753A6}.Release|x86.Build.0 = Release|x86
		{F413DC65-2AE9-4BEC-B014-2C23F235DCA3}.Debug|x86.ActiveCfg = Debug
		{F413DC65-2AE9-4BEC-B014-2C23F235DCA3}.Debug|x86.Build.0 = Debug
		{F413DC65-2AE9-4BEC-B014-2C23F235DCA3}.Release|x86.ActiveCfg = Release
		{F413DC65-2AE9-4BEC-B014-2C23F235DCA3}.Release|x86.Build.0 = Release
		{0CDB21CA-A5F7-446C-837E-C7C37238F2D7}.Debug|x86.ActiveCfg = Debug|x86
		{0CDB21CA-A5F7-446C-837E-C7C37238F2D7}.Debug|x86.Build.0 = Debug|x86
		{0CDB21CA-A5F7-446C-837E-C7C37238F2D7}.Release|x86.ActiveCfg = Release|x86
		{0CDB21CA-A5F7-446C-837E-C7C37238F2D7}.Release|x86.Build.0 = Release|x86
		{3FC238BA-7FC2-47AE-AE45-7CF199EDBE08}.Debug|x86.ActiveCfg = Debug|x86
		{3FC238BA-7FC2-47AE-AE45-7CF199EDBE08}.Debug|x86.Build.0 = Debug|x86
		{3FC238BA-7FC2-47AE-AE45-7CF199EDBE08}.Release|x86.ActiveCfg = Release|x86
		{3FC238BA-7FC2-47AE-AE45-7CF199EDBE08}.Release|x86.Build.0 = Release|x86
		{188090E9-8B00-457B-85EB-F48BCDD94B0B}.Debug|x86.ActiveCfg = Debug|x86
		{188090E9-8B00-457B-85EB-F48BCDD94B0B}.Debug|x86.Build.0 = Debug|x86
		{188090E9-8B00-457B-85EB-F48BCDD94B0B}.Release|x86.ActiveCfg = Release|x86
		{188090E9-8B00-457B-85EB-F48BCDD94B0B}.Release|x86.Build.0 = Release|x86
		{5649A340-1475-4116-B5A1-CD21A99387F5}.Debug|x86.ActiveCfg = Debug|x86
		{5649A340-1475-4116-B5A1-CD21A99387F5}.Debug|x86.Build.0 = Debug|x86
		{5649A340-1475-4116-B5A1-CD21A99387F5}.Release|x86.ActiveCfg = Release|x86
		{5649A340-1475-4116-B5A1-CD21A99387F5}.Release|x86.Build.0 = Release|x86
	EndGlobalSection
	GlobalSection(SolutionProperties) = preSolution
		HideSolutionNode = FALSE
	EndGlobalSection
	GlobalSection(NestedProjects) = preSolution
		{91754154-EA85-4117-A570-71014BEC82AE} = {CB776FB1-EE2C-4D5F-9B1E-AFE4A7587D7D}
		{ABA9CC75-B778-4E46-A6F6-AFEC27F2EB59} = {3E9CEB6F-CC7C-4C50-BF09-CDB29ACF79FA}
		{EEED5595-6EB8-473D-B487-334B45D753A6} = {CB776FB1-EE2C-4D5F-9B1E-AFE4A7587D7D}
		{F413DC65-2AE9-4BEC-B014-2C23F235DCA3} = {CB776FB1-EE2C-4D5F-9B1E-AFE4A7587D7D}
		{0CDB21CA-A5F7-446C-837E-C7C37238F2D7} = {3E9CEB6F-CC7C-4C50-BF09-CDB29ACF79FA}
		{3FC238BA-7FC2-47AE-AE45-7CF199EDBE08} = {3E9CEB6F-CC7C-4C50-BF09-CDB29ACF79FA}
		{188090E9-8B00-457B-85EB-F48BCDD94B0B} = {3E9CEB6F-CC7C-4C50-BF09-CDB29ACF79FA}
		{5649A340-1475-4116-B5A1-CD21A99387F5} = {3E9CEB6F-CC7C-4C50-BF09-CDB29ACF79FA}
	EndGlobalSection
EndGlobal
