
Microsoft Visual Studio Solution File, Format Version 12.00
# Visual Studio 15
VisualStudioVersion = 15.0.28010.2003
MinimumVisualStudioVersion = 10.0.40219.1
Project("{FAE04EC0-301F-11D3-BF4B-00C04F79EFBC}") = "Henkie.ADI.TestTool", "Henkie.ADI.TestTool\Henkie.ADI.TestTool\Henkie.ADI.TestTool.csproj", "{074F1AD3-5D11-4072-B186-89067EB5D49C}"
EndProject
Project("{2150E333-8FDC-42A3-9474-1A3956D46DE8}") = "Henkie.ADI", "Henkie.ADI", "{7D0ECDD7-292B-4572-A0E1-0D64A4A95B4A}"
EndProject
Project("{54435603-DBB4-11D2-8724-00A0C9A8B90C}") = "Henkie.ADI.TestTool.Setup", "Henkie.ADI.TestTool\Henkie.ADI.TestTool.Setup\Henkie.ADI.TestTool.Setup.vdproj", "{5BCBB826-E3AB-431B-8D53-303EBF0E8F9E}"
EndProject
Project("{FAE04EC0-301F-11D3-BF4B-00C04F79EFBC}") = "Henkie.Altimeter", "Henkie.Altimeter\Henkie.Altimeter.csproj", "{28F849D9-6D44-4B36-BED9-06F9D2207269}"
EndProject
Project("{2150E333-8FDC-42A3-9474-1A3956D46DE8}") = "Henkie.Altimeter", "Henkie.Altimeter", "{01CFF364-B774-499F-A3E3-B8AF875E7F8D}"
EndProject
Project("{FAE04EC0-301F-11D3-BF4B-00C04F79EFBC}") = "Henkie.Common", "Henkie.Common\Henkie.Common.csproj", "{80C69F3D-8429-4270-9021-CC3A76FE5F13}"
EndProject
Project("{2150E333-8FDC-42A3-9474-1A3956D46DE8}") = "Henkie.Common", "Henkie.Common", "{BFF24865-1F42-4391-BC98-C01B4716F9F4}"
EndProject
Project("{FAE04EC0-301F-11D3-BF4B-00C04F79EFBC}") = "Henkie.FuelFlow", "Henkie.FuelFlow\Henkie.FuelFlow.csproj", "{99B05C84-1313-4839-A565-075F3ABFBE85}"
EndProject
Project("{2150E333-8FDC-42A3-9474-1A3956D46DE8}") = "Henkie.FuelFlow", "Henkie.FuelFlow", "{B2752E77-D045-49D3-A256-B062C963A1CC}"
EndProject
Project("{FAE04EC0-301F-11D3-BF4B-00C04F79EFBC}") = "Henkie.QuadSinCos", "Henkie.QuadSinCos\Henkie.QuadSinCos.csproj", "{B8254151-27D0-4471-A3B5-DF84BDD24B77}"
EndProject
Project("{2150E333-8FDC-42A3-9474-1A3956D46DE8}") = "Henkie.QuadSinCos", "Henkie.QuadSinCos", "{7B43975D-3B12-4861-9067-282F554FD017}"
EndProject
Project("{FAE04EC0-301F-11D3-BF4B-00C04F79EFBC}") = "Henkie.SDI", "Henkie.SDI\Henkie.SDI.csproj", "{7326F627-65F7-4163-A579-36AF2091B357}"
EndProject
Project("{2150E333-8FDC-42A3-9474-1A3956D46DE8}") = "Henkie.SDI", "Henkie.SDI", "{13732357-078F-467A-A057-B3D5899B01C7}"
EndProject
Project("{FAE04EC0-301F-11D3-BF4B-00C04F79EFBC}") = "Henkie.SDI.TestTool", "Henkie.SDI.TestTool\Henkie.SDI.TestTool\Henkie.SDI.TestTool.csproj", "{AEE62688-9F5E-4447-B0F3-186E4AE0AD89}"
EndProject
Project("{54435603-DBB4-11D2-8724-00A0C9A8B90C}") = "Henkie.SDI.TestTool.Setup", "Henkie.SDI.TestTool\Henkie.SDI.TestTool.Setup\Henkie.SDI.TestTool.Setup.vdproj", "{01ECE313-E581-4FFF-86B5-BFFD1E0AD76E}"
EndProject
Project("{2150E333-8FDC-42A3-9474-1A3956D46DE8}") = "PHCC", "PHCC", "{8075B2EE-11F0-43B6-A464-FE9B8BDD9F9D}"
EndProject
Project("{FAE04EC0-301F-11D3-BF4B-00C04F79EFBC}") = "PHCC", "..\PHCC\PHCC.csproj", "{75FA2030-C9CA-4B2D-8534-8F48EEA13CA3}"
EndProject
Project("{2150E333-8FDC-42A3-9474-1A3956D46DE8}") = "Common", "Common", "{842143BC-8499-4B5E-963D-DF099608359E}"
EndProject
Project("{FAE04EC0-301F-11D3-BF4B-00C04F79EFBC}") = "Common", "..\Common\Common.csproj", "{ABA9CC75-B778-4E46-A6F6-AFEC27F2EB59}"
EndProject
Project("{FAE04EC0-301F-11D3-BF4B-00C04F79EFBC}") = "Henkie.HSI", "Henkie.HSI\Henkie.HSI.csproj", "{B1BC2014-526E-4EE0-B77A-95988DF30B39}"
EndProject
Project("{2150E333-8FDC-42A3-9474-1A3956D46DE8}") = "Henkie.HSI", "Henkie.HSI", "{E72E2FA8-401C-47AA-AE72-48A3A04A72F2}"
EndProject
Global
	GlobalSection(SolutionConfigurationPlatforms) = preSolution
		Debug|x86 = Debug|x86
		Release|x86 = Release|x86
	EndGlobalSection
	GlobalSection(ProjectConfigurationPlatforms) = postSolution
		{074F1AD3-5D11-4072-B186-89067EB5D49C}.Debug|x86.ActiveCfg = Debug|x86
		{074F1AD3-5D11-4072-B186-89067EB5D49C}.Debug|x86.Build.0 = Debug|x86
		{074F1AD3-5D11-4072-B186-89067EB5D49C}.Release|x86.ActiveCfg = Debug|x86
		{074F1AD3-5D11-4072-B186-89067EB5D49C}.Release|x86.Build.0 = Debug|x86
		{5BCBB826-E3AB-431B-8D53-303EBF0E8F9E}.Debug|x86.ActiveCfg = Debug
		{5BCBB826-E3AB-431B-8D53-303EBF0E8F9E}.Release|x86.ActiveCfg = Debug
		{5BCBB826-E3AB-431B-8D53-303EBF0E8F9E}.Release|x86.Build.0 = Debug
		{28F849D9-6D44-4B36-BED9-06F9D2207269}.Debug|x86.ActiveCfg = Debug|x86
		{28F849D9-6D44-4B36-BED9-06F9D2207269}.Debug|x86.Build.0 = Debug|x86
		{28F849D9-6D44-4B36-BED9-06F9D2207269}.Release|x86.ActiveCfg = Debug|x86
		{28F849D9-6D44-4B36-BED9-06F9D2207269}.Release|x86.Build.0 = Debug|x86
		{80C69F3D-8429-4270-9021-CC3A76FE5F13}.Debug|x86.ActiveCfg = Debug|x86
		{80C69F3D-8429-4270-9021-CC3A76FE5F13}.Debug|x86.Build.0 = Debug|x86
		{80C69F3D-8429-4270-9021-CC3A76FE5F13}.Release|x86.ActiveCfg = Debug|x86
		{80C69F3D-8429-4270-9021-CC3A76FE5F13}.Release|x86.Build.0 = Debug|x86
		{99B05C84-1313-4839-A565-075F3ABFBE85}.Debug|x86.ActiveCfg = Debug|x86
		{99B05C84-1313-4839-A565-075F3ABFBE85}.Debug|x86.Build.0 = Debug|x86
		{99B05C84-1313-4839-A565-075F3ABFBE85}.Release|x86.ActiveCfg = Debug|x86
		{99B05C84-1313-4839-A565-075F3ABFBE85}.Release|x86.Build.0 = Debug|x86
		{B8254151-27D0-4471-A3B5-DF84BDD24B77}.Debug|x86.ActiveCfg = Debug|x86
		{B8254151-27D0-4471-A3B5-DF84BDD24B77}.Debug|x86.Build.0 = Debug|x86
		{B8254151-27D0-4471-A3B5-DF84BDD24B77}.Release|x86.ActiveCfg = Debug|x86
		{B8254151-27D0-4471-A3B5-DF84BDD24B77}.Release|x86.Build.0 = Debug|x86
		{7326F627-65F7-4163-A579-36AF2091B357}.Debug|x86.ActiveCfg = Debug|x86
		{7326F627-65F7-4163-A579-36AF2091B357}.Debug|x86.Build.0 = Debug|x86
		{7326F627-65F7-4163-A579-36AF2091B357}.Release|x86.ActiveCfg = Debug|x86
		{7326F627-65F7-4163-A579-36AF2091B357}.Release|x86.Build.0 = Debug|x86
		{AEE62688-9F5E-4447-B0F3-186E4AE0AD89}.Debug|x86.ActiveCfg = Debug|x86
		{AEE62688-9F5E-4447-B0F3-186E4AE0AD89}.Debug|x86.Build.0 = Debug|x86
		{AEE62688-9F5E-4447-B0F3-186E4AE0AD89}.Release|x86.ActiveCfg = Debug|x86
		{AEE62688-9F5E-4447-B0F3-186E4AE0AD89}.Release|x86.Build.0 = Debug|x86
		{01ECE313-E581-4FFF-86B5-BFFD1E0AD76E}.Debug|x86.ActiveCfg = Debug
		{01ECE313-E581-4FFF-86B5-BFFD1E0AD76E}.Release|x86.ActiveCfg = Debug
		{01ECE313-E581-4FFF-86B5-BFFD1E0AD76E}.Release|x86.Build.0 = Debug
		{75FA2030-C9CA-4B2D-8534-8F48EEA13CA3}.Debug|x86.ActiveCfg = Debug|x86
		{75FA2030-C9CA-4B2D-8534-8F48EEA13CA3}.Debug|x86.Build.0 = Debug|x86
		{75FA2030-C9CA-4B2D-8534-8F48EEA13CA3}.Release|x86.ActiveCfg = Debug|x86
		{75FA2030-C9CA-4B2D-8534-8F48EEA13CA3}.Release|x86.Build.0 = Debug|x86
		{ABA9CC75-B778-4E46-A6F6-AFEC27F2EB59}.Debug|x86.ActiveCfg = Debug|x86
		{ABA9CC75-B778-4E46-A6F6-AFEC27F2EB59}.Debug|x86.Build.0 = Debug|x86
		{ABA9CC75-B778-4E46-A6F6-AFEC27F2EB59}.Release|x86.ActiveCfg = Debug|x86
		{ABA9CC75-B778-4E46-A6F6-AFEC27F2EB59}.Release|x86.Build.0 = Debug|x86
		{B1BC2014-526E-4EE0-B77A-95988DF30B39}.Debug|x86.ActiveCfg = Debug|x86
		{B1BC2014-526E-4EE0-B77A-95988DF30B39}.Debug|x86.Build.0 = Debug|x86
		{B1BC2014-526E-4EE0-B77A-95988DF30B39}.Release|x86.ActiveCfg = Release|x86
		{B1BC2014-526E-4EE0-B77A-95988DF30B39}.Release|x86.Build.0 = Release|x86
	EndGlobalSection
	GlobalSection(SolutionProperties) = preSolution
		HideSolutionNode = FALSE
	EndGlobalSection
	GlobalSection(NestedProjects) = preSolution
		{074F1AD3-5D11-4072-B186-89067EB5D49C} = {7D0ECDD7-292B-4572-A0E1-0D64A4A95B4A}
		{5BCBB826-E3AB-431B-8D53-303EBF0E8F9E} = {7D0ECDD7-292B-4572-A0E1-0D64A4A95B4A}
		{28F849D9-6D44-4B36-BED9-06F9D2207269} = {01CFF364-B774-499F-A3E3-B8AF875E7F8D}
		{80C69F3D-8429-4270-9021-CC3A76FE5F13} = {BFF24865-1F42-4391-BC98-C01B4716F9F4}
		{99B05C84-1313-4839-A565-075F3ABFBE85} = {B2752E77-D045-49D3-A256-B062C963A1CC}
		{B8254151-27D0-4471-A3B5-DF84BDD24B77} = {7B43975D-3B12-4861-9067-282F554FD017}
		{7326F627-65F7-4163-A579-36AF2091B357} = {13732357-078F-467A-A057-B3D5899B01C7}
		{AEE62688-9F5E-4447-B0F3-186E4AE0AD89} = {13732357-078F-467A-A057-B3D5899B01C7}
		{01ECE313-E581-4FFF-86B5-BFFD1E0AD76E} = {13732357-078F-467A-A057-B3D5899B01C7}
		{75FA2030-C9CA-4B2D-8534-8F48EEA13CA3} = {8075B2EE-11F0-43B6-A464-FE9B8BDD9F9D}
		{ABA9CC75-B778-4E46-A6F6-AFEC27F2EB59} = {842143BC-8499-4B5E-963D-DF099608359E}
		{B1BC2014-526E-4EE0-B77A-95988DF30B39} = {E72E2FA8-401C-47AA-AE72-48A3A04A72F2}
	EndGlobalSection
	GlobalSection(ExtensibilityGlobals) = postSolution
		SolutionGuid = {E65BE0E9-99C8-460E-8D05-1399D78B4BF7}
	EndGlobalSection
EndGlobal
