
Microsoft Visual Studio Solution File, Format Version 12.00
# Visual Studio 15
VisualStudioVersion = 15.0.27130.2027
MinimumVisualStudioVersion = 10.0.40219.1
Project("{FAE04EC0-301F-11D3-BF4B-00C04F79EFBC}") = "AnalogDevices", "..\AnalogDevices\AnalogDevices.csproj", "{E8F9E0E2-6DCA-4C39-8E0C-2818C1D87DA9}"
EndProject
Project("{FAE04EC0-301F-11D3-BF4B-00C04F79EFBC}") = "BIUSBWrapper", "..\BIUSBWrapper\BIUSBWrapper.csproj", "{6A686BC3-E2A2-4E46-A175-B318FF0A2646}"
EndProject
Project("{FAE04EC0-301F-11D3-BF4B-00C04F79EFBC}") = "Common", "..\Common\Common.csproj", "{ABA9CC75-B778-4E46-A6F6-AFEC27F2EB59}"
EndProject
Project("{FAE04EC0-301F-11D3-BF4B-00C04F79EFBC}") = "F4KeyFile", "..\F4KeyFile\F4KeyFile.csproj", "{EEED5595-6EB8-473D-B487-334B45D753A6}"
EndProject
Project("{FAE04EC0-301F-11D3-BF4B-00C04F79EFBC}") = "F4KeyFileViewer", "..\F4KeyFileViewer\F4KeyFileViewer.csproj", "{91754154-EA85-4117-A570-71014BEC82AE}"
EndProject
Project("{FAE04EC0-301F-11D3-BF4B-00C04F79EFBC}") = "F4ResourceFileEditor", "..\F4ResourceFileEditor\F4ResourceFileEditor.csproj", "{25AFABB4-A3BF-40CA-AB6B-D0A71BC8A2C6}"
EndProject
Project("{FAE04EC0-301F-11D3-BF4B-00C04F79EFBC}") = "F4SharedMem", "..\F4SharedMem\F4SharedMem.csproj", "{517D1B4D-E8C7-4331-BBE7-300FD6B78441}"
EndProject
Project("{FAE04EC0-301F-11D3-BF4B-00C04F79EFBC}") = "F4SharedMemMirror", "..\F4SharedMemMirror\F4SharedMemMirror\F4SharedMemMirror.csproj", "{86FAAD28-7697-4497-BD7B-9794FADB41D6}"
EndProject
Project("{54435603-DBB4-11D2-8724-00A0C9A8B90C}") = "F4SharedMemMirrorSetup", "..\F4SharedMemMirror\F4SharedMemMirrorSetup\F4SharedMemMirrorSetup.vdproj", "{98BDEC03-E035-4C5C-AD7C-BF1C64DBC2E4}"
EndProject
Project("{FAE04EC0-301F-11D3-BF4B-00C04F79EFBC}") = "F4TexSharedMem", "..\F4TexSharedMem\F4TexSharedMem.csproj", "{E930BA7B-7474-49D7-B7CF-25106C450190}"
EndProject
Project("{FAE04EC0-301F-11D3-BF4B-00C04F79EFBC}") = "F4TexSharedMemTester", "..\F4TexSharedMemTester\F4TexSharedMemTester.csproj", "{A1539891-C0EF-4264-916E-36BA4CD89B60}"
EndProject
Project("{FAE04EC0-301F-11D3-BF4B-00C04F79EFBC}") = "F16CPD", "..\F16CPD\F16CPD.csproj", "{00B0AF4E-9949-40D9-92DB-C5C4DE871834}"
EndProject
Project("{FAE04EC0-301F-11D3-BF4B-00C04F79EFBC}") = "JoyMapper", "..\JoyMapper\JoyMapper\JoyMapper.csproj", "{5298FD7A-017D-4307-B3CD-B6B9EF971215}"
EndProject
Project("{54435603-DBB4-11D2-8724-00A0C9A8B90C}") = "JoyMapperSetup", "..\JoyMapper\JoyMapperSetup\JoyMapperSetup.vdproj", "{35DDA158-5D7E-4072-BE19-05A0023F44E6}"
EndProject
Project("{FAE04EC0-301F-11D3-BF4B-00C04F79EFBC}") = "LightningGauges", "..\LightningGauges\LightningGauges\LightningGauges.csproj", "{E3E09957-DD05-4DEC-961A-915A082C0BC4}"
EndProject
Project("{FAE04EC0-301F-11D3-BF4B-00C04F79EFBC}") = "F4Utils.Speech", "..\F4Utils\Speech\F4Utils.Speech.csproj", "{0CC7A7C4-BD53-4AAC-8AEB-8654672272AA}"
EndProject
Project("{FAE04EC0-301F-11D3-BF4B-00C04F79EFBC}") = "LzssManaged", "..\Lzss\LzssManaged\LzssManaged.csproj", "{04F20E15-844A-4D30-9EC4-E8FD61A043A9}"
EndProject
Project("{FAE04EC0-301F-11D3-BF4B-00C04F79EFBC}") = "MFDExtractor", "..\MFDExtractor\MFDExtractor\MFDExtractor.csproj", "{CFC7ADC1-150E-4015-8A40-85FA2DEE4AB6}"
EndProject
Project("{54435603-DBB4-11D2-8724-00A0C9A8B90C}") = "MFDExtractorSetup", "..\MFDExtractor\MFDExtractorSetup\MFDExtractorSetup.vdproj", "{83226AD2-BCDD-42DB-AB25-862D036D678B}"
EndProject
Project("{FAE04EC0-301F-11D3-BF4B-00C04F79EFBC}") = "PHCC", "..\PHCC\PHCC.csproj", "{75FA2030-C9CA-4B2D-8534-8F48EEA13CA3}"
EndProject
Project("{FAE04EC0-301F-11D3-BF4B-00C04F79EFBC}") = "PhccDeviceManager", "..\PhccDeviceManager\PhccDeviceManager.csproj", "{52AB07AF-C7BB-4586-BC5E-34759831CB08}"
EndProject
Project("{FAE04EC0-301F-11D3-BF4B-00C04F79EFBC}") = "PhccTestTool", "..\PhccTestTool\PhccTestTool\PhccTestTool.csproj", "{68656C46-3097-4A71-87EF-9E402DCAD3E4}"
EndProject
Project("{54435603-DBB4-11D2-8724-00A0C9A8B90C}") = "PhccTestToolSetup", "..\PhccTestTool\PhccTestToolSetup\PhccTestToolSetup.vdproj", "{97DFD8DB-9F67-4DD7-868C-17FEE4999287}"
EndProject
Project("{FAE04EC0-301F-11D3-BF4B-00C04F79EFBC}") = "PPJoyWrapper", "..\PPJoyWrapper\PPJoyWrapper.csproj", "{78555A0E-5D2F-4328-A4F0-67B5D7E51871}"
EndProject
Project("{FAE04EC0-301F-11D3-BF4B-00C04F79EFBC}") = "SimLinkup", "..\SimLinkup\SimLinkup.csproj", "{B928D6CB-9199-4679-8EF6-A489F167D400}"
EndProject
Project("{FAE04EC0-301F-11D3-BF4B-00C04F79EFBC}") = "SpeexInvoke", "..\SpeexInvoke\SpeexInvoke\SpeexInvoke.csproj", "{C19C5F53-4B71-4CAF-830E-4D9226914842}"
EndProject
Project("{FAE04EC0-301F-11D3-BF4B-00C04F79EFBC}") = "TlkTool", "..\TlkTool\TlkTool.csproj", "{34E420DF-D312-4B00-BA4D-693C2FB51E2F}"
EndProject
Project("{54435603-DBB4-11D2-8724-00A0C9A8B90C}") = "F16CpdSetup", "..\F16CPD\F16CpdSetup\F16CpdSetup.vdproj", "{35D37193-319A-4C5C-A4C9-FF61BC67805B}"
EndProject
Project("{54435603-DBB4-11D2-8724-00A0C9A8B90C}") = "F4KeyFileViewerSetup", "..\F4KeyFileViewer\F4KeyFileViewerSetup\F4KeyFileViewerSetup.vdproj", "{DE3BC6ED-3EE3-4A30-B572-6A0F24FCF6D5}"
EndProject
Project("{FAE04EC0-301F-11D3-BF4B-00C04F79EFBC}") = "TlkToolTest", "..\TlkTool\TlkToolTest\TlkToolTest.csproj", "{B3ED49B3-ADF0-4987-B20E-B930132912F4}"
EndProject
Project("{FAE04EC0-301F-11D3-BF4B-00C04F79EFBC}") = "AnalogDevicesTestTool", "..\AnalogDevices\AnalogDevicesTestTool\AnalogDevicesTestTool.csproj", "{A6208C70-ACE3-4997-82BA-D39CA7102DC0}"
EndProject
Project("{54435603-DBB4-11D2-8724-00A0C9A8B90C}") = "AnalogDevicesTestToolSetup", "..\AnalogDevices\AnalogDevicesTestToolSetup\AnalogDevicesTestToolSetup.vdproj", "{911D3B31-B414-45AB-B9F5-FF11774888CC}"
EndProject
Project("{FAE04EC0-301F-11D3-BF4B-00C04F79EFBC}") = "Common.Imaging", "..\Common\Imaging\Common.Imaging.csproj", "{04157D6E-AFE0-4399-94D5-306CF4AADAC1}"
EndProject
Project("{FAE04EC0-301F-11D3-BF4B-00C04F79EFBC}") = "F4Utils.Terrain", "..\F4Utils\Terrain\F4Utils.Terrain.csproj", "{305B6164-1C7D-4627-9774-DB6BD5CF50E8}"
EndProject
Project("{FAE04EC0-301F-11D3-BF4B-00C04F79EFBC}") = "F4Utils.Campaign", "..\F4Utils\Campaign\F4Utils.Campaign.csproj", "{D386EC91-6D89-421F-87BC-4849E0232722}"
EndProject
Project("{2150E333-8FDC-42A3-9474-1A3956D46DE8}") = "AnalogDevices", "AnalogDevices", "{56432423-CA1B-4C3D-B854-F01575224D0F}"
EndProject
Project("{2150E333-8FDC-42A3-9474-1A3956D46DE8}") = "Common", "Common", "{C4A34955-72A3-4269-9790-40335BFEF688}"
EndProject
Project("{2150E333-8FDC-42A3-9474-1A3956D46DE8}") = "F4KeyFile", "F4KeyFile", "{3F5B5B48-F9A2-4F1A-9F0B-19C34D8B7B79}"
EndProject
Project("{2150E333-8FDC-42A3-9474-1A3956D46DE8}") = "F4SharedMem", "F4SharedMem", "{CFD91C3A-9264-4829-A8C7-77C62AA82137}"
EndProject
Project("{2150E333-8FDC-42A3-9474-1A3956D46DE8}") = "TlkTool", "TlkTool", "{ACF95B4C-54B0-4FCA-91B0-D4B45E1A7EF7}"
EndProject
Project("{2150E333-8FDC-42A3-9474-1A3956D46DE8}") = "F4Utils", "F4Utils", "{24DC823F-803D-479E-94EB-3FC868587B58}"
EndProject
Project("{2150E333-8FDC-42A3-9474-1A3956D46DE8}") = "Phcc", "Phcc", "{912549D6-4AB3-46D0-8CED-361D70E988B7}"
EndProject
Project("{2150E333-8FDC-42A3-9474-1A3956D46DE8}") = "F16CPD", "F16CPD", "{1DC4AD7A-1072-4E42-8929-2E2F9B3A646D}"
EndProject
Project("{2150E333-8FDC-42A3-9474-1A3956D46DE8}") = "JoyMapper", "JoyMapper", "{B54BFDD4-7F2F-4BC5-8C04-085E448C6FDB}"
EndProject
Project("{2150E333-8FDC-42A3-9474-1A3956D46DE8}") = "MFDExtractor", "MFDExtractor", "{88D2E688-4413-4CD2-AFF3-5A8F876A3C22}"
EndProject
Project("{FAE04EC0-301F-11D3-BF4B-00C04F79EFBC}") = "F4Utils.PlayerOp", "..\F4Utils\PlayerOp\F4Utils.PlayerOp.csproj", "{EA92153F-08E5-42B1-B6C5-6B22366E7CF2}"
EndProject
Project("{2150E333-8FDC-42A3-9474-1A3956D46DE8}") = "SimLinkup", "SimLinkup", "{EE755688-38C6-4E5D-A0CE-56BE398E58BB}"
EndProject
Project("{54435603-DBB4-11D2-8724-00A0C9A8B90C}") = "SimLinkupSetup", "..\SimLinkup\SimLinkupSetup\SimLinkupSetup.vdproj", "{B8CCD8BC-0214-4423-84B1-D6EFCB25536E}"
EndProject
Project("{FAE04EC0-301F-11D3-BF4B-00C04F79EFBC}") = "F4Utils.SimSupport", "..\F4Utils\SimSupport\F4Utils.SimSupport.csproj", "{6967BFC5-944D-405C-960B-5A4900EBFD92}"
EndProject
Project("{FAE04EC0-301F-11D3-BF4B-00C04F79EFBC}") = "F4Utils.Resources", "..\F4Utils\Resources\F4Utils.Resources.csproj", "{A95B675E-E59B-4D44-B66E-8E642B2D825F}"
EndProject
Project("{FAE04EC0-301F-11D3-BF4B-00C04F79EFBC}") = "F4Utils.Process", "..\F4Utils\Process\F4Utils.Process.csproj", "{66242024-B7E5-4F66-AC1A-F0E2F1D70899}"
EndProject
Project("{FAE04EC0-301F-11D3-BF4B-00C04F79EFBC}") = "TlkTool.UI", "..\TlkTool\UI\TlkTool.UI\TlkTool.UI.csproj", "{342D1F48-2428-4697-9829-D44D314C7BD9}"
EndProject
Project("{8BC9CEB8-8B4A-11D0-8D11-00A0C91BC942}") = "LzssNative", "..\Lzss\LzssNative\LzssNative.vcxproj", "{689C0FBB-46F1-4F2E-9ACD-8A3206262505}"
EndProject
Project("{2150E333-8FDC-42A3-9474-1A3956D46DE8}") = "Lzss", "Lzss", "{98B0238C-6513-4F86-89ED-398A1E7D2CE4}"
EndProject
Project("{FAE04EC0-301F-11D3-BF4B-00C04F79EFBC}") = "Common.Application", "..\Common\Application\Common.Application.csproj", "{0CDB21CA-A5F7-446C-837E-C7C37238F2D7}"
EndProject
Project("{FAE04EC0-301F-11D3-BF4B-00C04F79EFBC}") = "Common.Compression", "..\Common\Compression\Common.Compression.csproj", "{1E857490-C70D-4EF8-9EDD-A1FDBCF98AB6}"
EndProject
Project("{FAE04EC0-301F-11D3-BF4B-00C04F79EFBC}") = "Common.InputSupport.BetaInnovations", "..\Common\InputSupport\BetaInnovations\Common.InputSupport.BetaInnovations.csproj", "{12474929-EC83-42D9-BD0C-167C40D51182}"
EndProject
Project("{FAE04EC0-301F-11D3-BF4B-00C04F79EFBC}") = "Common.InputSupport.DirectInput", "..\Common\InputSupport\DirectInput\Common.InputSupport.DirectInput.csproj", "{07A76E17-57AE-4952-A309-2A670CE3D7DD}"
EndProject
Project("{FAE04EC0-301F-11D3-BF4B-00C04F79EFBC}") = "Common.InputSupport.Phcc", "..\Common\InputSupport\Phcc\Common.InputSupport.Phcc.csproj", "{738063DA-F792-4081-A70A-4A3190DBC6D2}"
EndProject
Project("{FAE04EC0-301F-11D3-BF4B-00C04F79EFBC}") = "Common.InputSupport", "..\Common\InputSupport\Common.InputSupport.csproj", "{90B49895-9BF5-48C9-87FE-972E47CDDAE5}"
EndProject
Project("{FAE04EC0-301F-11D3-BF4B-00C04F79EFBC}") = "Common.InputSupport.UI", "..\Common\InputSupport\UI\Common.InputSupport.UI.csproj", "{01ADFC8A-742B-4824-8501-8E0DB931B94F}"
EndProject
Project("{FAE04EC0-301F-11D3-BF4B-00C04F79EFBC}") = "Common.MacroProgramming", "..\Common\MacroProgramming\Common.MacroProgramming.csproj", "{320431C6-2454-4D95-8D3C-D27C8E2288E9}"
EndProject
Project("{FAE04EC0-301F-11D3-BF4B-00C04F79EFBC}") = "Common.HardwareSupport", "..\Common\HardwareSupport\Common.HardwareSupport.csproj", "{B8FCC824-2B39-4637-A447-64D60CF60811}"
EndProject
Project("{FAE04EC0-301F-11D3-BF4B-00C04F79EFBC}") = "Common.SimSupport", "..\Common\SimSupport\Common.SimSupport.csproj", "{275C5E8D-A56A-45D2-8F70-93B0797C2E7B}"
EndProject
Project("{FAE04EC0-301F-11D3-BF4B-00C04F79EFBC}") = "Common.UI", "..\Common\UI\Common.UI.csproj", "{3FC238BA-7FC2-47AE-AE45-7CF199EDBE08}"
EndProject
Project("{FAE04EC0-301F-11D3-BF4B-00C04F79EFBC}") = "Common.Win32", "..\Common\Win32\Common.Win32.csproj", "{188090E9-8B00-457B-85EB-F48BCDD94B0B}"
EndProject
Project("{FAE04EC0-301F-11D3-BF4B-00C04F79EFBC}") = "Common.PDF", "..\Common\PDF\Common.PDF.csproj", "{5130F409-0E66-4D02-9DE9-7BFB11174C13}"
EndProject
Project("{FAE04EC0-301F-11D3-BF4B-00C04F79EFBC}") = "F4SharedMemViewer", "..\F4SharedMemViewer\F4SharedMemViewer.csproj", "{B88F8409-F306-4AF4-A619-F83760111585}"
EndProject
Project("{54435603-DBB4-11D2-8724-00A0C9A8B90C}") = "F4SharedMemViewerSetup", "..\F4SharedMemViewer\F4SharedMemViewerSetup\F4SharedMemViewerSetup.vdproj", "{FDEF7EA6-DE58-41BC-B5FF-1802C85D2164}"
EndProject
Project("{FAE04EC0-301F-11D3-BF4B-00C04F79EFBC}") = "F4SharedMemoryRecorder", "..\F4SharedMemoryRecorder\F4SharedMemoryRecorder.csproj", "{F4C9C8D0-254A-40DB-8DE7-F3D98454B6D9}"
EndProject
Project("{54435603-DBB4-11D2-8724-00A0C9A8B90C}") = "F4SharedMemoryRecorderSetup", "..\F4SharedMemoryRecorder\F4SharedMemoryRecorderSetup\F4SharedMemoryRecorderSetup.vdproj", "{2BCA5A86-3D5A-4010-BC68-90AAF77BF80B}"
EndProject
Project("{2150E333-8FDC-42A3-9474-1A3956D46DE8}") = "Viewer", "Viewer", "{332B0727-E78B-4613-BEDD-38DA37A1B179}"
EndProject
Project("{2150E333-8FDC-42A3-9474-1A3956D46DE8}") = "Mirror", "Mirror", "{74C2DC4A-4FE2-4D47-8028-3D33066B20D7}"
EndProject
Project("{2150E333-8FDC-42A3-9474-1A3956D46DE8}") = "Recorder", "Recorder", "{F69C2F73-01A2-4F4E-B852-CAF750E83DDB}"
EndProject
Project("{FAE04EC0-301F-11D3-BF4B-00C04F79EFBC}") = "F4Utils.Campaign.Tests", "..\F4Utils\Campaign\Tests\F4Utils.Campaign.Tests.csproj", "{A1773C0E-6C51-4AF4-981C-E85059551DAC}"
EndProject
Project("{2150E333-8FDC-42A3-9474-1A3956D46DE8}") = "Henkie", "Henkie", "{270B93E1-525F-4CFE-B10C-655710CE0A10}"
EndProject
Project("{FAE04EC0-301F-11D3-BF4B-00C04F79EFBC}") = "Henkie.SDI", "..\Henkie\Henkie.SDI\Henkie.SDI.csproj", "{7326F627-65F7-4163-A579-36AF2091B357}"
EndProject
Project("{FAE04EC0-301F-11D3-BF4B-00C04F79EFBC}") = "Henkie.SDI.TestTool", "..\Henkie\Henkie.SDI.TestTool\Henkie.SDI.TestTool\Henkie.SDI.TestTool.csproj", "{AEE62688-9F5E-4447-B0F3-186E4AE0AD89}"
EndProject
Project("{54435603-DBB4-11D2-8724-00A0C9A8B90C}") = "Henkie.SDI.TestTool.Setup", "..\Henkie\Henkie.SDI.TestTool\Henkie.SDI.TestTool.Setup\Henkie.SDI.TestTool.Setup.vdproj", "{77C1FF4F-6D97-4578-95CD-613BD81FAD0F}"
EndProject
Project("{FAE04EC0-301F-11D3-BF4B-00C04F79EFBC}") = "Henkie.ADI.TestTool", "..\Henkie\Henkie.ADI.TestTool\Henkie.ADI.TestTool\Henkie.ADI.TestTool.csproj", "{074F1AD3-5D11-4072-B186-89067EB5D49C}"
EndProject
Project("{54435603-DBB4-11D2-8724-00A0C9A8B90C}") = "Henkie.ADI.TestTool.Setup", "..\Henkie\Henkie.ADI.TestTool\Henkie.ADI.TestTool.Setup\Henkie.ADI.TestTool.Setup.vdproj", "{E94CAB26-E603-41BB-8F94-7ECAB43149BB}"
EndProject
Project("{FAE04EC0-301F-11D3-BF4B-00C04F79EFBC}") = "Common.Drawing", "..\Common\Drawing\Common.Drawing.csproj", "{5649A340-1475-4116-B5A1-CD21A99387F5}"
EndProject
Project("{FAE04EC0-301F-11D3-BF4B-00C04F79EFBC}") = "AnalogDevices.UnitTests", "..\AnalogDevices\UnitTests\AnalogDevices.UnitTests.csproj", "{82B6B7B9-E95F-4231-8333-C27562CF0FFF}"
EndProject
Project("{FAE04EC0-301F-11D3-BF4B-00C04F79EFBC}") = "SimLinkup.UnitTests", "..\SimLinkup\UnitTests\SimLinkup.UnitTests.csproj", "{F5DFFB93-5C6A-4179-83F3-A39CBF4BC66D}"
EndProject
Project("{FAE04EC0-301F-11D3-BF4B-00C04F79EFBC}") = "Henkie.Altimeter", "..\Henkie\Henkie.Altimeter\Henkie.Altimeter.csproj", "{28F849D9-6D44-4B36-BED9-06F9D2207269}"
EndProject
Project("{FAE04EC0-301F-11D3-BF4B-00C04F79EFBC}") = "Henkie.Common", "..\Henkie\Henkie.Common\Henkie.Common.csproj", "{80C69F3D-8429-4270-9021-CC3A76FE5F13}"
EndProject
Global
	GlobalSection(SolutionConfigurationPlatforms) = preSolution
		Debug|x86 = Debug|x86
		Release|x86 = Release|x86
	EndGlobalSection
	GlobalSection(ProjectConfigurationPlatforms) = postSolution
		{E8F9E0E2-6DCA-4C39-8E0C-2818C1D87DA9}.Debug|x86.ActiveCfg = Debug|x86
		{E8F9E0E2-6DCA-4C39-8E0C-2818C1D87DA9}.Debug|x86.Build.0 = Debug|x86
		{E8F9E0E2-6DCA-4C39-8E0C-2818C1D87DA9}.Release|x86.ActiveCfg = Release|x86
		{E8F9E0E2-6DCA-4C39-8E0C-2818C1D87DA9}.Release|x86.Build.0 = Release|x86
		{6A686BC3-E2A2-4E46-A175-B318FF0A2646}.Debug|x86.ActiveCfg = Debug|x86
		{6A686BC3-E2A2-4E46-A175-B318FF0A2646}.Debug|x86.Build.0 = Debug|x86
		{6A686BC3-E2A2-4E46-A175-B318FF0A2646}.Release|x86.ActiveCfg = Release|x86
		{6A686BC3-E2A2-4E46-A175-B318FF0A2646}.Release|x86.Build.0 = Release|x86
		{ABA9CC75-B778-4E46-A6F6-AFEC27F2EB59}.Debug|x86.ActiveCfg = Debug|x86
		{ABA9CC75-B778-4E46-A6F6-AFEC27F2EB59}.Debug|x86.Build.0 = Debug|x86
		{ABA9CC75-B778-4E46-A6F6-AFEC27F2EB59}.Release|x86.ActiveCfg = Release|x86
		{ABA9CC75-B778-4E46-A6F6-AFEC27F2EB59}.Release|x86.Build.0 = Release|x86
		{EEED5595-6EB8-473D-B487-334B45D753A6}.Debug|x86.ActiveCfg = Debug|x86
		{EEED5595-6EB8-473D-B487-334B45D753A6}.Debug|x86.Build.0 = Debug|x86
		{EEED5595-6EB8-473D-B487-334B45D753A6}.Release|x86.ActiveCfg = Release|x86
		{EEED5595-6EB8-473D-B487-334B45D753A6}.Release|x86.Build.0 = Release|x86
		{91754154-EA85-4117-A570-71014BEC82AE}.Debug|x86.ActiveCfg = Debug|x86
		{91754154-EA85-4117-A570-71014BEC82AE}.Debug|x86.Build.0 = Debug|x86
		{91754154-EA85-4117-A570-71014BEC82AE}.Release|x86.ActiveCfg = Release|x86
		{91754154-EA85-4117-A570-71014BEC82AE}.Release|x86.Build.0 = Release|x86
		{25AFABB4-A3BF-40CA-AB6B-D0A71BC8A2C6}.Debug|x86.ActiveCfg = Debug|x86
		{25AFABB4-A3BF-40CA-AB6B-D0A71BC8A2C6}.Debug|x86.Build.0 = Debug|x86
		{25AFABB4-A3BF-40CA-AB6B-D0A71BC8A2C6}.Release|x86.ActiveCfg = Release|x86
		{25AFABB4-A3BF-40CA-AB6B-D0A71BC8A2C6}.Release|x86.Build.0 = Release|x86
		{517D1B4D-E8C7-4331-BBE7-300FD6B78441}.Debug|x86.ActiveCfg = Debug|x86
		{517D1B4D-E8C7-4331-BBE7-300FD6B78441}.Debug|x86.Build.0 = Debug|x86
		{517D1B4D-E8C7-4331-BBE7-300FD6B78441}.Release|x86.ActiveCfg = Release|x86
		{517D1B4D-E8C7-4331-BBE7-300FD6B78441}.Release|x86.Build.0 = Release|x86
		{86FAAD28-7697-4497-BD7B-9794FADB41D6}.Debug|x86.ActiveCfg = Debug|x86
		{86FAAD28-7697-4497-BD7B-9794FADB41D6}.Debug|x86.Build.0 = Debug|x86
		{86FAAD28-7697-4497-BD7B-9794FADB41D6}.Release|x86.ActiveCfg = Release|x86
		{86FAAD28-7697-4497-BD7B-9794FADB41D6}.Release|x86.Build.0 = Release|x86
		{98BDEC03-E035-4C5C-AD7C-BF1C64DBC2E4}.Debug|x86.ActiveCfg = Debug
		{98BDEC03-E035-4C5C-AD7C-BF1C64DBC2E4}.Debug|x86.Build.0 = Debug
		{98BDEC03-E035-4C5C-AD7C-BF1C64DBC2E4}.Release|x86.ActiveCfg = Release
		{98BDEC03-E035-4C5C-AD7C-BF1C64DBC2E4}.Release|x86.Build.0 = Release
		{E930BA7B-7474-49D7-B7CF-25106C450190}.Debug|x86.ActiveCfg = Debug|x86
		{E930BA7B-7474-49D7-B7CF-25106C450190}.Debug|x86.Build.0 = Debug|x86
		{E930BA7B-7474-49D7-B7CF-25106C450190}.Release|x86.ActiveCfg = Release|x86
		{E930BA7B-7474-49D7-B7CF-25106C450190}.Release|x86.Build.0 = Release|x86
		{A1539891-C0EF-4264-916E-36BA4CD89B60}.Debug|x86.ActiveCfg = Debug|x86
		{A1539891-C0EF-4264-916E-36BA4CD89B60}.Debug|x86.Build.0 = Debug|x86
		{A1539891-C0EF-4264-916E-36BA4CD89B60}.Release|x86.ActiveCfg = Release|x86
		{A1539891-C0EF-4264-916E-36BA4CD89B60}.Release|x86.Build.0 = Release|x86
		{00B0AF4E-9949-40D9-92DB-C5C4DE871834}.Debug|x86.ActiveCfg = Debug|x86
		{00B0AF4E-9949-40D9-92DB-C5C4DE871834}.Debug|x86.Build.0 = Debug|x86
		{00B0AF4E-9949-40D9-92DB-C5C4DE871834}.Release|x86.ActiveCfg = Release|x86
		{00B0AF4E-9949-40D9-92DB-C5C4DE871834}.Release|x86.Build.0 = Release|x86
		{5298FD7A-017D-4307-B3CD-B6B9EF971215}.Debug|x86.ActiveCfg = Debug|x86
		{5298FD7A-017D-4307-B3CD-B6B9EF971215}.Debug|x86.Build.0 = Debug|x86
		{5298FD7A-017D-4307-B3CD-B6B9EF971215}.Release|x86.ActiveCfg = Release|x86
		{5298FD7A-017D-4307-B3CD-B6B9EF971215}.Release|x86.Build.0 = Release|x86
		{35DDA158-5D7E-4072-BE19-05A0023F44E6}.Debug|x86.ActiveCfg = Debug
		{35DDA158-5D7E-4072-BE19-05A0023F44E6}.Debug|x86.Build.0 = Debug
		{35DDA158-5D7E-4072-BE19-05A0023F44E6}.Release|x86.ActiveCfg = Release
		{35DDA158-5D7E-4072-BE19-05A0023F44E6}.Release|x86.Build.0 = Release
		{E3E09957-DD05-4DEC-961A-915A082C0BC4}.Debug|x86.ActiveCfg = Debug|x86
		{E3E09957-DD05-4DEC-961A-915A082C0BC4}.Debug|x86.Build.0 = Debug|x86
		{E3E09957-DD05-4DEC-961A-915A082C0BC4}.Release|x86.ActiveCfg = Release|x86
		{E3E09957-DD05-4DEC-961A-915A082C0BC4}.Release|x86.Build.0 = Release|x86
		{0CC7A7C4-BD53-4AAC-8AEB-8654672272AA}.Debug|x86.ActiveCfg = Debug|x86
		{0CC7A7C4-BD53-4AAC-8AEB-8654672272AA}.Debug|x86.Build.0 = Debug|x86
		{0CC7A7C4-BD53-4AAC-8AEB-8654672272AA}.Release|x86.ActiveCfg = Release|x86
		{0CC7A7C4-BD53-4AAC-8AEB-8654672272AA}.Release|x86.Build.0 = Release|x86
		{04F20E15-844A-4D30-9EC4-E8FD61A043A9}.Debug|x86.ActiveCfg = Debug|x86
		{04F20E15-844A-4D30-9EC4-E8FD61A043A9}.Debug|x86.Build.0 = Debug|x86
		{04F20E15-844A-4D30-9EC4-E8FD61A043A9}.Release|x86.ActiveCfg = Release|x86
		{04F20E15-844A-4D30-9EC4-E8FD61A043A9}.Release|x86.Build.0 = Release|x86
		{CFC7ADC1-150E-4015-8A40-85FA2DEE4AB6}.Debug|x86.ActiveCfg = Debug|x86
		{CFC7ADC1-150E-4015-8A40-85FA2DEE4AB6}.Debug|x86.Build.0 = Debug|x86
		{CFC7ADC1-150E-4015-8A40-85FA2DEE4AB6}.Release|x86.ActiveCfg = Release|x86
		{CFC7ADC1-150E-4015-8A40-85FA2DEE4AB6}.Release|x86.Build.0 = Release|x86
		{83226AD2-BCDD-42DB-AB25-862D036D678B}.Debug|x86.ActiveCfg = Debug
		{83226AD2-BCDD-42DB-AB25-862D036D678B}.Debug|x86.Build.0 = Debug
		{83226AD2-BCDD-42DB-AB25-862D036D678B}.Release|x86.ActiveCfg = Release
		{83226AD2-BCDD-42DB-AB25-862D036D678B}.Release|x86.Build.0 = Release
		{75FA2030-C9CA-4B2D-8534-8F48EEA13CA3}.Debug|x86.ActiveCfg = Debug|x86
		{75FA2030-C9CA-4B2D-8534-8F48EEA13CA3}.Debug|x86.Build.0 = Debug|x86
		{75FA2030-C9CA-4B2D-8534-8F48EEA13CA3}.Release|x86.ActiveCfg = Release|x86
		{75FA2030-C9CA-4B2D-8534-8F48EEA13CA3}.Release|x86.Build.0 = Release|x86
		{52AB07AF-C7BB-4586-BC5E-34759831CB08}.Debug|x86.ActiveCfg = Debug|x86
		{52AB07AF-C7BB-4586-BC5E-34759831CB08}.Debug|x86.Build.0 = Debug|x86
		{52AB07AF-C7BB-4586-BC5E-34759831CB08}.Release|x86.ActiveCfg = Release|x86
		{52AB07AF-C7BB-4586-BC5E-34759831CB08}.Release|x86.Build.0 = Release|x86
		{68656C46-3097-4A71-87EF-9E402DCAD3E4}.Debug|x86.ActiveCfg = Debug|x86
		{68656C46-3097-4A71-87EF-9E402DCAD3E4}.Debug|x86.Build.0 = Debug|x86
		{68656C46-3097-4A71-87EF-9E402DCAD3E4}.Release|x86.ActiveCfg = Release|x86
		{68656C46-3097-4A71-87EF-9E402DCAD3E4}.Release|x86.Build.0 = Release|x86
		{97DFD8DB-9F67-4DD7-868C-17FEE4999287}.Debug|x86.ActiveCfg = Debug
		{97DFD8DB-9F67-4DD7-868C-17FEE4999287}.Debug|x86.Build.0 = Debug
		{97DFD8DB-9F67-4DD7-868C-17FEE4999287}.Release|x86.ActiveCfg = Release
		{97DFD8DB-9F67-4DD7-868C-17FEE4999287}.Release|x86.Build.0 = Release
		{78555A0E-5D2F-4328-A4F0-67B5D7E51871}.Debug|x86.ActiveCfg = Debug|x86
		{78555A0E-5D2F-4328-A4F0-67B5D7E51871}.Debug|x86.Build.0 = Debug|x86
		{78555A0E-5D2F-4328-A4F0-67B5D7E51871}.Release|x86.ActiveCfg = Release|x86
		{78555A0E-5D2F-4328-A4F0-67B5D7E51871}.Release|x86.Build.0 = Release|x86
		{B928D6CB-9199-4679-8EF6-A489F167D400}.Debug|x86.ActiveCfg = Debug|x86
		{B928D6CB-9199-4679-8EF6-A489F167D400}.Debug|x86.Build.0 = Debug|x86
		{B928D6CB-9199-4679-8EF6-A489F167D400}.Release|x86.ActiveCfg = Release|x86
		{B928D6CB-9199-4679-8EF6-A489F167D400}.Release|x86.Build.0 = Release|x86
		{C19C5F53-4B71-4CAF-830E-4D9226914842}.Debug|x86.ActiveCfg = Debug|x86
		{C19C5F53-4B71-4CAF-830E-4D9226914842}.Debug|x86.Build.0 = Debug|x86
		{C19C5F53-4B71-4CAF-830E-4D9226914842}.Release|x86.ActiveCfg = Release|x86
		{C19C5F53-4B71-4CAF-830E-4D9226914842}.Release|x86.Build.0 = Release|x86
		{34E420DF-D312-4B00-BA4D-693C2FB51E2F}.Debug|x86.ActiveCfg = Debug|x86
		{34E420DF-D312-4B00-BA4D-693C2FB51E2F}.Debug|x86.Build.0 = Debug|x86
		{34E420DF-D312-4B00-BA4D-693C2FB51E2F}.Release|x86.ActiveCfg = Release|x86
		{34E420DF-D312-4B00-BA4D-693C2FB51E2F}.Release|x86.Build.0 = Release|x86
		{35D37193-319A-4C5C-A4C9-FF61BC67805B}.Debug|x86.ActiveCfg = Debug
		{35D37193-319A-4C5C-A4C9-FF61BC67805B}.Debug|x86.Build.0 = Debug
		{35D37193-319A-4C5C-A4C9-FF61BC67805B}.Release|x86.ActiveCfg = Release
		{35D37193-319A-4C5C-A4C9-FF61BC67805B}.Release|x86.Build.0 = Release
		{DE3BC6ED-3EE3-4A30-B572-6A0F24FCF6D5}.Debug|x86.ActiveCfg = Debug
		{DE3BC6ED-3EE3-4A30-B572-6A0F24FCF6D5}.Debug|x86.Build.0 = Debug
		{DE3BC6ED-3EE3-4A30-B572-6A0F24FCF6D5}.Release|x86.ActiveCfg = Release
		{DE3BC6ED-3EE3-4A30-B572-6A0F24FCF6D5}.Release|x86.Build.0 = Release
		{B3ED49B3-ADF0-4987-B20E-B930132912F4}.Debug|x86.ActiveCfg = Debug|x86
		{B3ED49B3-ADF0-4987-B20E-B930132912F4}.Debug|x86.Build.0 = Debug|x86
		{B3ED49B3-ADF0-4987-B20E-B930132912F4}.Release|x86.ActiveCfg = Release|x86
		{B3ED49B3-ADF0-4987-B20E-B930132912F4}.Release|x86.Build.0 = Release|x86
		{A6208C70-ACE3-4997-82BA-D39CA7102DC0}.Debug|x86.ActiveCfg = Debug|x86
		{A6208C70-ACE3-4997-82BA-D39CA7102DC0}.Debug|x86.Build.0 = Debug|x86
		{A6208C70-ACE3-4997-82BA-D39CA7102DC0}.Release|x86.ActiveCfg = Release|x86
		{A6208C70-ACE3-4997-82BA-D39CA7102DC0}.Release|x86.Build.0 = Release|x86
		{A6208C70-ACE3-4997-82BA-D39CA7102DC0}.Release|x86.Deploy.0 = Release|x86
		{911D3B31-B414-45AB-B9F5-FF11774888CC}.Debug|x86.ActiveCfg = Debug
		{911D3B31-B414-45AB-B9F5-FF11774888CC}.Debug|x86.Build.0 = Debug
		{911D3B31-B414-45AB-B9F5-FF11774888CC}.Release|x86.ActiveCfg = Release
		{911D3B31-B414-45AB-B9F5-FF11774888CC}.Release|x86.Build.0 = Release
		{04157D6E-AFE0-4399-94D5-306CF4AADAC1}.Debug|x86.ActiveCfg = Debug|x86
		{04157D6E-AFE0-4399-94D5-306CF4AADAC1}.Debug|x86.Build.0 = Debug|x86
		{04157D6E-AFE0-4399-94D5-306CF4AADAC1}.Release|x86.ActiveCfg = Release|x86
		{04157D6E-AFE0-4399-94D5-306CF4AADAC1}.Release|x86.Build.0 = Release|x86
		{305B6164-1C7D-4627-9774-DB6BD5CF50E8}.Debug|x86.ActiveCfg = Debug|x86
		{305B6164-1C7D-4627-9774-DB6BD5CF50E8}.Debug|x86.Build.0 = Debug|x86
		{305B6164-1C7D-4627-9774-DB6BD5CF50E8}.Release|x86.ActiveCfg = Release|x86
		{305B6164-1C7D-4627-9774-DB6BD5CF50E8}.Release|x86.Build.0 = Release|x86
		{D386EC91-6D89-421F-87BC-4849E0232722}.Debug|x86.ActiveCfg = Debug|x86
		{D386EC91-6D89-421F-87BC-4849E0232722}.Debug|x86.Build.0 = Debug|x86
		{D386EC91-6D89-421F-87BC-4849E0232722}.Release|x86.ActiveCfg = Release|x86
		{D386EC91-6D89-421F-87BC-4849E0232722}.Release|x86.Build.0 = Release|x86
		{EA92153F-08E5-42B1-B6C5-6B22366E7CF2}.Debug|x86.ActiveCfg = Debug|x86
		{EA92153F-08E5-42B1-B6C5-6B22366E7CF2}.Debug|x86.Build.0 = Debug|x86
		{EA92153F-08E5-42B1-B6C5-6B22366E7CF2}.Release|x86.ActiveCfg = Release|x86
		{EA92153F-08E5-42B1-B6C5-6B22366E7CF2}.Release|x86.Build.0 = Release|x86
		{B8CCD8BC-0214-4423-84B1-D6EFCB25536E}.Debug|x86.ActiveCfg = Debug
		{B8CCD8BC-0214-4423-84B1-D6EFCB25536E}.Debug|x86.Build.0 = Debug
		{B8CCD8BC-0214-4423-84B1-D6EFCB25536E}.Release|x86.ActiveCfg = Release
		{B8CCD8BC-0214-4423-84B1-D6EFCB25536E}.Release|x86.Build.0 = Release
		{6967BFC5-944D-405C-960B-5A4900EBFD92}.Debug|x86.ActiveCfg = Debug|x86
		{6967BFC5-944D-405C-960B-5A4900EBFD92}.Debug|x86.Build.0 = Debug|x86
		{6967BFC5-944D-405C-960B-5A4900EBFD92}.Release|x86.ActiveCfg = Release|x86
		{6967BFC5-944D-405C-960B-5A4900EBFD92}.Release|x86.Build.0 = Release|x86
		{A95B675E-E59B-4D44-B66E-8E642B2D825F}.Debug|x86.ActiveCfg = Debug|x86
		{A95B675E-E59B-4D44-B66E-8E642B2D825F}.Debug|x86.Build.0 = Debug|x86
		{A95B675E-E59B-4D44-B66E-8E642B2D825F}.Release|x86.ActiveCfg = Release|x86
		{A95B675E-E59B-4D44-B66E-8E642B2D825F}.Release|x86.Build.0 = Release|x86
		{66242024-B7E5-4F66-AC1A-F0E2F1D70899}.Debug|x86.ActiveCfg = Debug|x86
		{66242024-B7E5-4F66-AC1A-F0E2F1D70899}.Debug|x86.Build.0 = Debug|x86
		{66242024-B7E5-4F66-AC1A-F0E2F1D70899}.Release|x86.ActiveCfg = Release|x86
		{66242024-B7E5-4F66-AC1A-F0E2F1D70899}.Release|x86.Build.0 = Release|x86
		{342D1F48-2428-4697-9829-D44D314C7BD9}.Debug|x86.ActiveCfg = Debug|x86
		{342D1F48-2428-4697-9829-D44D314C7BD9}.Debug|x86.Build.0 = Debug|x86
		{342D1F48-2428-4697-9829-D44D314C7BD9}.Release|x86.ActiveCfg = Release|x86
		{342D1F48-2428-4697-9829-D44D314C7BD9}.Release|x86.Build.0 = Release|x86
		{689C0FBB-46F1-4F2E-9ACD-8A3206262505}.Debug|x86.ActiveCfg = Debug|Win32
		{689C0FBB-46F1-4F2E-9ACD-8A3206262505}.Debug|x86.Build.0 = Debug|Win32
		{689C0FBB-46F1-4F2E-9ACD-8A3206262505}.Release|x86.ActiveCfg = Release|Win32
		{689C0FBB-46F1-4F2E-9ACD-8A3206262505}.Release|x86.Build.0 = Release|Win32
		{0CDB21CA-A5F7-446C-837E-C7C37238F2D7}.Debug|x86.ActiveCfg = Debug|x86
		{0CDB21CA-A5F7-446C-837E-C7C37238F2D7}.Debug|x86.Build.0 = Debug|x86
		{0CDB21CA-A5F7-446C-837E-C7C37238F2D7}.Release|x86.ActiveCfg = Release|x86
		{0CDB21CA-A5F7-446C-837E-C7C37238F2D7}.Release|x86.Build.0 = Release|x86
		{1E857490-C70D-4EF8-9EDD-A1FDBCF98AB6}.Debug|x86.ActiveCfg = Debug|x86
		{1E857490-C70D-4EF8-9EDD-A1FDBCF98AB6}.Debug|x86.Build.0 = Debug|x86
		{1E857490-C70D-4EF8-9EDD-A1FDBCF98AB6}.Release|x86.ActiveCfg = Release|x86
		{1E857490-C70D-4EF8-9EDD-A1FDBCF98AB6}.Release|x86.Build.0 = Release|x86
		{12474929-EC83-42D9-BD0C-167C40D51182}.Debug|x86.ActiveCfg = Debug|x86
		{12474929-EC83-42D9-BD0C-167C40D51182}.Debug|x86.Build.0 = Debug|x86
		{12474929-EC83-42D9-BD0C-167C40D51182}.Release|x86.ActiveCfg = Release|x86
		{12474929-EC83-42D9-BD0C-167C40D51182}.Release|x86.Build.0 = Release|x86
		{07A76E17-57AE-4952-A309-2A670CE3D7DD}.Debug|x86.ActiveCfg = Debug|x86
		{07A76E17-57AE-4952-A309-2A670CE3D7DD}.Debug|x86.Build.0 = Debug|x86
		{07A76E17-57AE-4952-A309-2A670CE3D7DD}.Release|x86.ActiveCfg = Release|x86
		{07A76E17-57AE-4952-A309-2A670CE3D7DD}.Release|x86.Build.0 = Release|x86
		{738063DA-F792-4081-A70A-4A3190DBC6D2}.Debug|x86.ActiveCfg = Debug|x86
		{738063DA-F792-4081-A70A-4A3190DBC6D2}.Debug|x86.Build.0 = Debug|x86
		{738063DA-F792-4081-A70A-4A3190DBC6D2}.Release|x86.ActiveCfg = Release|x86
		{738063DA-F792-4081-A70A-4A3190DBC6D2}.Release|x86.Build.0 = Release|x86
		{90B49895-9BF5-48C9-87FE-972E47CDDAE5}.Debug|x86.ActiveCfg = Debug|x86
		{90B49895-9BF5-48C9-87FE-972E47CDDAE5}.Debug|x86.Build.0 = Debug|x86
		{90B49895-9BF5-48C9-87FE-972E47CDDAE5}.Release|x86.ActiveCfg = Release|x86
		{90B49895-9BF5-48C9-87FE-972E47CDDAE5}.Release|x86.Build.0 = Release|x86
		{01ADFC8A-742B-4824-8501-8E0DB931B94F}.Debug|x86.ActiveCfg = Debug|x86
		{01ADFC8A-742B-4824-8501-8E0DB931B94F}.Debug|x86.Build.0 = Debug|x86
		{01ADFC8A-742B-4824-8501-8E0DB931B94F}.Release|x86.ActiveCfg = Release|x86
		{01ADFC8A-742B-4824-8501-8E0DB931B94F}.Release|x86.Build.0 = Release|x86
		{320431C6-2454-4D95-8D3C-D27C8E2288E9}.Debug|x86.ActiveCfg = Debug|x86
		{320431C6-2454-4D95-8D3C-D27C8E2288E9}.Debug|x86.Build.0 = Debug|x86
		{320431C6-2454-4D95-8D3C-D27C8E2288E9}.Release|x86.ActiveCfg = Release|x86
		{320431C6-2454-4D95-8D3C-D27C8E2288E9}.Release|x86.Build.0 = Release|x86
		{B8FCC824-2B39-4637-A447-64D60CF60811}.Debug|x86.ActiveCfg = Debug|x86
		{B8FCC824-2B39-4637-A447-64D60CF60811}.Debug|x86.Build.0 = Debug|x86
		{B8FCC824-2B39-4637-A447-64D60CF60811}.Release|x86.ActiveCfg = Release|x86
		{B8FCC824-2B39-4637-A447-64D60CF60811}.Release|x86.Build.0 = Release|x86
		{275C5E8D-A56A-45D2-8F70-93B0797C2E7B}.Debug|x86.ActiveCfg = Debug|x86
		{275C5E8D-A56A-45D2-8F70-93B0797C2E7B}.Debug|x86.Build.0 = Debug|x86
		{275C5E8D-A56A-45D2-8F70-93B0797C2E7B}.Release|x86.ActiveCfg = Release|x86
		{275C5E8D-A56A-45D2-8F70-93B0797C2E7B}.Release|x86.Build.0 = Release|x86
		{3FC238BA-7FC2-47AE-AE45-7CF199EDBE08}.Debug|x86.ActiveCfg = Debug|x86
		{3FC238BA-7FC2-47AE-AE45-7CF199EDBE08}.Debug|x86.Build.0 = Debug|x86
		{3FC238BA-7FC2-47AE-AE45-7CF199EDBE08}.Release|x86.ActiveCfg = Release|x86
		{3FC238BA-7FC2-47AE-AE45-7CF199EDBE08}.Release|x86.Build.0 = Release|x86
		{188090E9-8B00-457B-85EB-F48BCDD94B0B}.Debug|x86.ActiveCfg = Debug|x86
		{188090E9-8B00-457B-85EB-F48BCDD94B0B}.Debug|x86.Build.0 = Debug|x86
		{188090E9-8B00-457B-85EB-F48BCDD94B0B}.Release|x86.ActiveCfg = Release|x86
		{188090E9-8B00-457B-85EB-F48BCDD94B0B}.Release|x86.Build.0 = Release|x86
		{5130F409-0E66-4D02-9DE9-7BFB11174C13}.Debug|x86.ActiveCfg = Debug|x86
		{5130F409-0E66-4D02-9DE9-7BFB11174C13}.Debug|x86.Build.0 = Debug|x86
		{5130F409-0E66-4D02-9DE9-7BFB11174C13}.Release|x86.ActiveCfg = Release|x86
		{5130F409-0E66-4D02-9DE9-7BFB11174C13}.Release|x86.Build.0 = Release|x86
		{B88F8409-F306-4AF4-A619-F83760111585}.Debug|x86.ActiveCfg = Debug|x86
		{B88F8409-F306-4AF4-A619-F83760111585}.Debug|x86.Build.0 = Debug|x86
		{B88F8409-F306-4AF4-A619-F83760111585}.Release|x86.ActiveCfg = Release|x86
		{B88F8409-F306-4AF4-A619-F83760111585}.Release|x86.Build.0 = Release|x86
		{FDEF7EA6-DE58-41BC-B5FF-1802C85D2164}.Debug|x86.ActiveCfg = Debug
		{FDEF7EA6-DE58-41BC-B5FF-1802C85D2164}.Debug|x86.Build.0 = Debug
		{FDEF7EA6-DE58-41BC-B5FF-1802C85D2164}.Release|x86.ActiveCfg = Release
		{FDEF7EA6-DE58-41BC-B5FF-1802C85D2164}.Release|x86.Build.0 = Release
		{F4C9C8D0-254A-40DB-8DE7-F3D98454B6D9}.Debug|x86.ActiveCfg = Debug|x86
		{F4C9C8D0-254A-40DB-8DE7-F3D98454B6D9}.Debug|x86.Build.0 = Debug|x86
		{F4C9C8D0-254A-40DB-8DE7-F3D98454B6D9}.Release|x86.ActiveCfg = Release|x86
		{F4C9C8D0-254A-40DB-8DE7-F3D98454B6D9}.Release|x86.Build.0 = Release|x86
		{2BCA5A86-3D5A-4010-BC68-90AAF77BF80B}.Debug|x86.ActiveCfg = Debug
		{2BCA5A86-3D5A-4010-BC68-90AAF77BF80B}.Debug|x86.Build.0 = Debug
		{2BCA5A86-3D5A-4010-BC68-90AAF77BF80B}.Release|x86.ActiveCfg = Release
		{2BCA5A86-3D5A-4010-BC68-90AAF77BF80B}.Release|x86.Build.0 = Release
		{A1773C0E-6C51-4AF4-981C-E85059551DAC}.Debug|x86.ActiveCfg = Debug|x86
		{A1773C0E-6C51-4AF4-981C-E85059551DAC}.Debug|x86.Build.0 = Debug|x86
		{A1773C0E-6C51-4AF4-981C-E85059551DAC}.Release|x86.ActiveCfg = Release|x86
		{A1773C0E-6C51-4AF4-981C-E85059551DAC}.Release|x86.Build.0 = Release|x86
		{7326F627-65F7-4163-A579-36AF2091B357}.Debug|x86.ActiveCfg = Debug|x86
		{7326F627-65F7-4163-A579-36AF2091B357}.Debug|x86.Build.0 = Debug|x86
		{7326F627-65F7-4163-A579-36AF2091B357}.Release|x86.ActiveCfg = Release|x86
		{7326F627-65F7-4163-A579-36AF2091B357}.Release|x86.Build.0 = Release|x86
		{AEE62688-9F5E-4447-B0F3-186E4AE0AD89}.Debug|x86.ActiveCfg = Debug|x86
		{AEE62688-9F5E-4447-B0F3-186E4AE0AD89}.Debug|x86.Build.0 = Debug|x86
		{AEE62688-9F5E-4447-B0F3-186E4AE0AD89}.Release|x86.ActiveCfg = Release|x86
		{AEE62688-9F5E-4447-B0F3-186E4AE0AD89}.Release|x86.Build.0 = Release|x86
		{77C1FF4F-6D97-4578-95CD-613BD81FAD0F}.Debug|x86.ActiveCfg = Debug
		{77C1FF4F-6D97-4578-95CD-613BD81FAD0F}.Debug|x86.Build.0 = Debug
		{77C1FF4F-6D97-4578-95CD-613BD81FAD0F}.Release|x86.ActiveCfg = Release
		{77C1FF4F-6D97-4578-95CD-613BD81FAD0F}.Release|x86.Build.0 = Release
		{074F1AD3-5D11-4072-B186-89067EB5D49C}.Debug|x86.ActiveCfg = Debug|x86
		{074F1AD3-5D11-4072-B186-89067EB5D49C}.Debug|x86.Build.0 = Debug|x86
		{074F1AD3-5D11-4072-B186-89067EB5D49C}.Release|x86.ActiveCfg = Release|x86
		{074F1AD3-5D11-4072-B186-89067EB5D49C}.Release|x86.Build.0 = Release|x86
		{E94CAB26-E603-41BB-8F94-7ECAB43149BB}.Debug|x86.ActiveCfg = Debug
		{E94CAB26-E603-41BB-8F94-7ECAB43149BB}.Debug|x86.Build.0 = Debug
		{E94CAB26-E603-41BB-8F94-7ECAB43149BB}.Release|x86.ActiveCfg = Release
		{E94CAB26-E603-41BB-8F94-7ECAB43149BB}.Release|x86.Build.0 = Release
		{5649A340-1475-4116-B5A1-CD21A99387F5}.Debug|x86.ActiveCfg = Debug|x86
		{5649A340-1475-4116-B5A1-CD21A99387F5}.Debug|x86.Build.0 = Debug|x86
		{5649A340-1475-4116-B5A1-CD21A99387F5}.Release|x86.ActiveCfg = Release|x86
		{5649A340-1475-4116-B5A1-CD21A99387F5}.Release|x86.Build.0 = Release|x86
		{82B6B7B9-E95F-4231-8333-C27562CF0FFF}.Debug|x86.ActiveCfg = Debug|x86
		{82B6B7B9-E95F-4231-8333-C27562CF0FFF}.Debug|x86.Build.0 = Debug|x86
		{82B6B7B9-E95F-4231-8333-C27562CF0FFF}.Release|x86.ActiveCfg = Release|x86
		{82B6B7B9-E95F-4231-8333-C27562CF0FFF}.Release|x86.Build.0 = Release|x86
		{F5DFFB93-5C6A-4179-83F3-A39CBF4BC66D}.Debug|x86.ActiveCfg = Debug|x86
		{F5DFFB93-5C6A-4179-83F3-A39CBF4BC66D}.Debug|x86.Build.0 = Debug|x86
		{F5DFFB93-5C6A-4179-83F3-A39CBF4BC66D}.Release|x86.ActiveCfg = Release|x86
		{F5DFFB93-5C6A-4179-83F3-A39CBF4BC66D}.Release|x86.Build.0 = Release|x86
		{28F849D9-6D44-4B36-BED9-06F9D2207269}.Debug|x86.ActiveCfg = Debug|x86
		{28F849D9-6D44-4B36-BED9-06F9D2207269}.Debug|x86.Build.0 = Debug|x86
		{28F849D9-6D44-4B36-BED9-06F9D2207269}.Release|x86.ActiveCfg = Release|x86
		{28F849D9-6D44-4B36-BED9-06F9D2207269}.Release|x86.Build.0 = Release|x86
		{80C69F3D-8429-4270-9021-CC3A76FE5F13}.Debug|x86.ActiveCfg = Debug|x86
		{80C69F3D-8429-4270-9021-CC3A76FE5F13}.Debug|x86.Build.0 = Debug|x86
		{80C69F3D-8429-4270-9021-CC3A76FE5F13}.Release|x86.ActiveCfg = Release|x86
		{80C69F3D-8429-4270-9021-CC3A76FE5F13}.Release|x86.Build.0 = Release|x86
	EndGlobalSection
	GlobalSection(SolutionProperties) = preSolution
		HideSolutionNode = FALSE
	EndGlobalSection
	GlobalSection(NestedProjects) = preSolution
		{E8F9E0E2-6DCA-4C39-8E0C-2818C1D87DA9} = {56432423-CA1B-4C3D-B854-F01575224D0F}
		{ABA9CC75-B778-4E46-A6F6-AFEC27F2EB59} = {C4A34955-72A3-4269-9790-40335BFEF688}
		{EEED5595-6EB8-473D-B487-334B45D753A6} = {3F5B5B48-F9A2-4F1A-9F0B-19C34D8B7B79}
		{91754154-EA85-4117-A570-71014BEC82AE} = {3F5B5B48-F9A2-4F1A-9F0B-19C34D8B7B79}
		{517D1B4D-E8C7-4331-BBE7-300FD6B78441} = {CFD91C3A-9264-4829-A8C7-77C62AA82137}
		{86FAAD28-7697-4497-BD7B-9794FADB41D6} = {74C2DC4A-4FE2-4D47-8028-3D33066B20D7}
		{98BDEC03-E035-4C5C-AD7C-BF1C64DBC2E4} = {74C2DC4A-4FE2-4D47-8028-3D33066B20D7}
		{E930BA7B-7474-49D7-B7CF-25106C450190} = {CFD91C3A-9264-4829-A8C7-77C62AA82137}
		{A1539891-C0EF-4264-916E-36BA4CD89B60} = {CFD91C3A-9264-4829-A8C7-77C62AA82137}
		{00B0AF4E-9949-40D9-92DB-C5C4DE871834} = {1DC4AD7A-1072-4E42-8929-2E2F9B3A646D}
		{5298FD7A-017D-4307-B3CD-B6B9EF971215} = {B54BFDD4-7F2F-4BC5-8C04-085E448C6FDB}
		{35DDA158-5D7E-4072-BE19-05A0023F44E6} = {B54BFDD4-7F2F-4BC5-8C04-085E448C6FDB}
		{0CC7A7C4-BD53-4AAC-8AEB-8654672272AA} = {24DC823F-803D-479E-94EB-3FC868587B58}
		{04F20E15-844A-4D30-9EC4-E8FD61A043A9} = {98B0238C-6513-4F86-89ED-398A1E7D2CE4}
		{CFC7ADC1-150E-4015-8A40-85FA2DEE4AB6} = {88D2E688-4413-4CD2-AFF3-5A8F876A3C22}
		{83226AD2-BCDD-42DB-AB25-862D036D678B} = {88D2E688-4413-4CD2-AFF3-5A8F876A3C22}
		{75FA2030-C9CA-4B2D-8534-8F48EEA13CA3} = {912549D6-4AB3-46D0-8CED-361D70E988B7}
		{52AB07AF-C7BB-4586-BC5E-34759831CB08} = {912549D6-4AB3-46D0-8CED-361D70E988B7}
		{68656C46-3097-4A71-87EF-9E402DCAD3E4} = {912549D6-4AB3-46D0-8CED-361D70E988B7}
		{97DFD8DB-9F67-4DD7-868C-17FEE4999287} = {912549D6-4AB3-46D0-8CED-361D70E988B7}
		{B928D6CB-9199-4679-8EF6-A489F167D400} = {EE755688-38C6-4E5D-A0CE-56BE398E58BB}
		{34E420DF-D312-4B00-BA4D-693C2FB51E2F} = {ACF95B4C-54B0-4FCA-91B0-D4B45E1A7EF7}
		{35D37193-319A-4C5C-A4C9-FF61BC67805B} = {1DC4AD7A-1072-4E42-8929-2E2F9B3A646D}
		{DE3BC6ED-3EE3-4A30-B572-6A0F24FCF6D5} = {3F5B5B48-F9A2-4F1A-9F0B-19C34D8B7B79}
		{B3ED49B3-ADF0-4987-B20E-B930132912F4} = {ACF95B4C-54B0-4FCA-91B0-D4B45E1A7EF7}
		{A6208C70-ACE3-4997-82BA-D39CA7102DC0} = {56432423-CA1B-4C3D-B854-F01575224D0F}
		{911D3B31-B414-45AB-B9F5-FF11774888CC} = {56432423-CA1B-4C3D-B854-F01575224D0F}
		{04157D6E-AFE0-4399-94D5-306CF4AADAC1} = {C4A34955-72A3-4269-9790-40335BFEF688}
		{305B6164-1C7D-4627-9774-DB6BD5CF50E8} = {24DC823F-803D-479E-94EB-3FC868587B58}
		{D386EC91-6D89-421F-87BC-4849E0232722} = {24DC823F-803D-479E-94EB-3FC868587B58}
		{EA92153F-08E5-42B1-B6C5-6B22366E7CF2} = {24DC823F-803D-479E-94EB-3FC868587B58}
		{B8CCD8BC-0214-4423-84B1-D6EFCB25536E} = {EE755688-38C6-4E5D-A0CE-56BE398E58BB}
		{6967BFC5-944D-405C-960B-5A4900EBFD92} = {24DC823F-803D-479E-94EB-3FC868587B58}
		{A95B675E-E59B-4D44-B66E-8E642B2D825F} = {24DC823F-803D-479E-94EB-3FC868587B58}
		{66242024-B7E5-4F66-AC1A-F0E2F1D70899} = {24DC823F-803D-479E-94EB-3FC868587B58}
		{342D1F48-2428-4697-9829-D44D314C7BD9} = {ACF95B4C-54B0-4FCA-91B0-D4B45E1A7EF7}
		{689C0FBB-46F1-4F2E-9ACD-8A3206262505} = {98B0238C-6513-4F86-89ED-398A1E7D2CE4}
		{0CDB21CA-A5F7-446C-837E-C7C37238F2D7} = {C4A34955-72A3-4269-9790-40335BFEF688}
		{1E857490-C70D-4EF8-9EDD-A1FDBCF98AB6} = {C4A34955-72A3-4269-9790-40335BFEF688}
		{12474929-EC83-42D9-BD0C-167C40D51182} = {C4A34955-72A3-4269-9790-40335BFEF688}
		{07A76E17-57AE-4952-A309-2A670CE3D7DD} = {C4A34955-72A3-4269-9790-40335BFEF688}
		{738063DA-F792-4081-A70A-4A3190DBC6D2} = {C4A34955-72A3-4269-9790-40335BFEF688}
		{90B49895-9BF5-48C9-87FE-972E47CDDAE5} = {C4A34955-72A3-4269-9790-40335BFEF688}
		{01ADFC8A-742B-4824-8501-8E0DB931B94F} = {C4A34955-72A3-4269-9790-40335BFEF688}
		{320431C6-2454-4D95-8D3C-D27C8E2288E9} = {C4A34955-72A3-4269-9790-40335BFEF688}
		{B8FCC824-2B39-4637-A447-64D60CF60811} = {C4A34955-72A3-4269-9790-40335BFEF688}
		{275C5E8D-A56A-45D2-8F70-93B0797C2E7B} = {C4A34955-72A3-4269-9790-40335BFEF688}
		{3FC238BA-7FC2-47AE-AE45-7CF199EDBE08} = {C4A34955-72A3-4269-9790-40335BFEF688}
		{188090E9-8B00-457B-85EB-F48BCDD94B0B} = {C4A34955-72A3-4269-9790-40335BFEF688}
		{5130F409-0E66-4D02-9DE9-7BFB11174C13} = {C4A34955-72A3-4269-9790-40335BFEF688}
		{B88F8409-F306-4AF4-A619-F83760111585} = {332B0727-E78B-4613-BEDD-38DA37A1B179}
		{FDEF7EA6-DE58-41BC-B5FF-1802C85D2164} = {332B0727-E78B-4613-BEDD-38DA37A1B179}
		{F4C9C8D0-254A-40DB-8DE7-F3D98454B6D9} = {F69C2F73-01A2-4F4E-B852-CAF750E83DDB}
		{2BCA5A86-3D5A-4010-BC68-90AAF77BF80B} = {F69C2F73-01A2-4F4E-B852-CAF750E83DDB}
		{332B0727-E78B-4613-BEDD-38DA37A1B179} = {CFD91C3A-9264-4829-A8C7-77C62AA82137}
		{74C2DC4A-4FE2-4D47-8028-3D33066B20D7} = {CFD91C3A-9264-4829-A8C7-77C62AA82137}
		{F69C2F73-01A2-4F4E-B852-CAF750E83DDB} = {CFD91C3A-9264-4829-A8C7-77C62AA82137}
		{A1773C0E-6C51-4AF4-981C-E85059551DAC} = {24DC823F-803D-479E-94EB-3FC868587B58}
		{7326F627-65F7-4163-A579-36AF2091B357} = {270B93E1-525F-4CFE-B10C-655710CE0A10}
		{AEE62688-9F5E-4447-B0F3-186E4AE0AD89} = {270B93E1-525F-4CFE-B10C-655710CE0A10}
		{77C1FF4F-6D97-4578-95CD-613BD81FAD0F} = {270B93E1-525F-4CFE-B10C-655710CE0A10}
		{074F1AD3-5D11-4072-B186-89067EB5D49C} = {270B93E1-525F-4CFE-B10C-655710CE0A10}
		{E94CAB26-E603-41BB-8F94-7ECAB43149BB} = {270B93E1-525F-4CFE-B10C-655710CE0A10}
		{5649A340-1475-4116-B5A1-CD21A99387F5} = {C4A34955-72A3-4269-9790-40335BFEF688}
		{82B6B7B9-E95F-4231-8333-C27562CF0FFF} = {56432423-CA1B-4C3D-B854-F01575224D0F}
		{F5DFFB93-5C6A-4179-83F3-A39CBF4BC66D} = {EE755688-38C6-4E5D-A0CE-56BE398E58BB}
		{28F849D9-6D44-4B36-BED9-06F9D2207269} = {270B93E1-525F-4CFE-B10C-655710CE0A10}
		{80C69F3D-8429-4270-9021-CC3A76FE5F13} = {270B93E1-525F-4CFE-B10C-655710CE0A10}
	EndGlobalSection
	GlobalSection(ExtensibilityGlobals) = postSolution
		SolutionGuid = {984B51B5-9BB7-41EF-99B8-4D28491B74AB}
	EndGlobalSection
EndGlobal
