Microsoft Visual Studio Solution File, Format Version 12.00
# Visual Studio 14
VisualStudioVersion = 14.0.25420.1
MinimumVisualStudioVersion = 10.0.40219.1
Project("{2150E333-8FDC-42A3-9474-1A3956D46DE8}") = "Solution Items", "Solution Items", "{8E62A14C-FE1E-466E-BDDE-87B3DB14B795}"
	ProjectSection(SolutionItems) = preProject
		JoyMapper.vsmdi = JoyMapper.vsmdi
	EndProjectSection
EndProject
Project("{FAE04EC0-301F-11D3-BF4B-00C04F79EFBC}") = "JoyMapper", "JoyMapper\JoyMapper.csproj", "{5298FD7A-017D-4307-B3CD-B6B9EF971215}"
EndProject
Project("{54435603-DBB4-11D2-8724-00A0C9A8B90C}") = "JoyMapperSetup", "JoyMapperSetup\JoyMapperSetup.vdproj", "{7B0E802E-2C07-4EDC-8F99-C4CA1D5935AE}"
	ProjectSection(ProjectDependencies) = postProject
		{78555A0E-5D2F-4328-A4F0-67B5D7E51871} = {78555A0E-5D2F-4328-A4F0-67B5D7E51871}
	EndProjectSection
EndProject
Project("{FAE04EC0-301F-11D3-BF4B-00C04F79EFBC}") = "PPJoyWrapper", "..\PPJoyWrapper\PPJoyWrapper.csproj", "{78555A0E-5D2F-4328-A4F0-67B5D7E51871}"
EndProject
Project("{FAE04EC0-301F-11D3-BF4B-00C04F79EFBC}") = "BIUSBWrapper", "..\BIUSBWrapper\BIUSBWrapper.csproj", "{6A686BC3-E2A2-4E46-A175-B318FF0A2646}"
EndProject
Project("{FAE04EC0-301F-11D3-BF4B-00C04F79EFBC}") = "PHCC", "..\PHCC\PHCC.csproj", "{75FA2030-C9CA-4B2D-8534-8F48EEA13CA3}"
EndProject
Project("{FAE04EC0-301F-11D3-BF4B-00C04F79EFBC}") = "Common", "..\Common\Common.csproj", "{ABA9CC75-B778-4E46-A6F6-AFEC27F2EB59}"
EndProject
Project("{FAE04EC0-301F-11D3-BF4B-00C04F79EFBC}") = "Common.Imaging", "..\Common\Imaging\Common.Imaging.csproj", "{04157D6E-AFE0-4399-94D5-306CF4AADAC1}"
EndProject
Project("{FAE04EC0-301F-11D3-BF4B-00C04F79EFBC}") = "Common.Application", "..\Common\Application\Common.Application.csproj", "{0CDB21CA-A5F7-446C-837E-C7C37238F2D7}"
EndProject
Project("{2150E333-8FDC-42A3-9474-1A3956D46DE8}") = "Common", "Common", "{DADB9190-22A4-4C8E-A4C5-962DC1F72637}"
EndProject
Project("{FAE04EC0-301F-11D3-BF4B-00C04F79EFBC}") = "Common.Win32", "..\Common\Win32\Common.Win32.csproj", "{188090E9-8B00-457B-85EB-F48BCDD94B0B}"
EndProject
Project("{FAE04EC0-301F-11D3-BF4B-00C04F79EFBC}") = "Common.InputSupport.BetaInnovations", "..\Common\InputSupport\BetaInnovations\Common.InputSupport.BetaInnovations.csproj", "{12474929-EC83-42D9-BD0C-167C40D51182}"
EndProject
Project("{FAE04EC0-301F-11D3-BF4B-00C04F79EFBC}") = "Common.InputSupport.DirectInput", "..\Common\InputSupport\DirectInput\Common.InputSupport.DirectInput.csproj", "{07A76E17-57AE-4952-A309-2A670CE3D7DD}"
EndProject
Project("{FAE04EC0-301F-11D3-BF4B-00C04F79EFBC}") = "Common.InputSupport.Phcc", "..\Common\InputSupport\Phcc\Common.InputSupport.Phcc.csproj", "{738063DA-F792-4081-A70A-4A3190DBC6D2}"
EndProject
Project("{FAE04EC0-301F-11D3-BF4B-00C04F79EFBC}") = "Common.InputSupport", "..\Common\InputSupport\Common.InputSupport.csproj", "{90B49895-9BF5-48C9-87FE-972E47CDDAE5}"
EndProject
Project("{FAE04EC0-301F-11D3-BF4B-00C04F79EFBC}") = "Common.UI", "..\Common\UI\Common.UI.csproj", "{3FC238BA-7FC2-47AE-AE45-7CF199EDBE08}"
EndProject
Project("{FAE04EC0-301F-11D3-BF4B-00C04F79EFBC}") = "Common.Drawing", "..\Common\Drawing\Common.Drawing.csproj", "{5649A340-1475-4116-B5A1-CD21A99387F5}"
EndProject
Global
	GlobalSection(SolutionConfigurationPlatforms) = preSolution
		Debug|x86 = Debug|x86
		Release|x86 = Release|x86
	EndGlobalSection
	GlobalSection(ProjectConfigurationPlatforms) = postSolution
		{5298FD7A-017D-4307-B3CD-B6B9EF971215}.Debug|x86.ActiveCfg = Debug|x86
		{5298FD7A-017D-4307-B3CD-B6B9EF971215}.Debug|x86.Build.0 = Debug|x86
		{5298FD7A-017D-4307-B3CD-B6B9EF971215}.Release|x86.ActiveCfg = Release|x86
		{5298FD7A-017D-4307-B3CD-B6B9EF971215}.Release|x86.Build.0 = Release|x86
		{7B0E802E-2C07-4EDC-8F99-C4CA1D5935AE}.Debug|x86.ActiveCfg = Debug
		{7B0E802E-2C07-4EDC-8F99-C4CA1D5935AE}.Debug|x86.Build.0 = Debug
		{7B0E802E-2C07-4EDC-8F99-C4CA1D5935AE}.Release|x86.ActiveCfg = Release
		{7B0E802E-2C07-4EDC-8F99-C4CA1D5935AE}.Release|x86.Build.0 = Release
		{78555A0E-5D2F-4328-A4F0-67B5D7E51871}.Debug|x86.ActiveCfg = Debug|x86
		{78555A0E-5D2F-4328-A4F0-67B5D7E51871}.Debug|x86.Build.0 = Debug|x86
		{78555A0E-5D2F-4328-A4F0-67B5D7E51871}.Release|x86.ActiveCfg = Release|x86
		{78555A0E-5D2F-4328-A4F0-67B5D7E51871}.Release|x86.Build.0 = Release|x86
		{6A686BC3-E2A2-4E46-A175-B318FF0A2646}.Debug|x86.ActiveCfg = Debug|x86
		{6A686BC3-E2A2-4E46-A175-B318FF0A2646}.Debug|x86.Build.0 = Debug|x86
		{6A686BC3-E2A2-4E46-A175-B318FF0A2646}.Release|x86.ActiveCfg = Release|x86
		{6A686BC3-E2A2-4E46-A175-B318FF0A2646}.Release|x86.Build.0 = Release|x86
		{75FA2030-C9CA-4B2D-8534-8F48EEA13CA3}.Debug|x86.ActiveCfg = Debug|x86
		{75FA2030-C9CA-4B2D-8534-8F48EEA13CA3}.Debug|x86.Build.0 = Debug|x86
		{75FA2030-C9CA-4B2D-8534-8F48EEA13CA3}.Release|x86.ActiveCfg = Release|x86
		{75FA2030-C9CA-4B2D-8534-8F48EEA13CA3}.Release|x86.Build.0 = Release|x86
		{ABA9CC75-B778-4E46-A6F6-AFEC27F2EB59}.Debug|x86.ActiveCfg = Debug|x86
		{ABA9CC75-B778-4E46-A6F6-AFEC27F2EB59}.Debug|x86.Build.0 = Debug|x86
		{ABA9CC75-B778-4E46-A6F6-AFEC27F2EB59}.Release|x86.ActiveCfg = Release|x86
		{ABA9CC75-B778-4E46-A6F6-AFEC27F2EB59}.Release|x86.Build.0 = Release|x86
		{04157D6E-AFE0-4399-94D5-306CF4AADAC1}.Debug|x86.ActiveCfg = Debug|x86
		{04157D6E-AFE0-4399-94D5-306CF4AADAC1}.Debug|x86.Build.0 = Debug|x86
		{04157D6E-AFE0-4399-94D5-306CF4AADAC1}.Release|x86.ActiveCfg = Release|x86
		{04157D6E-AFE0-4399-94D5-306CF4AADAC1}.Release|x86.Build.0 = Release|x86
		{0CDB21CA-A5F7-446C-837E-C7C37238F2D7}.Debug|x86.ActiveCfg = Debug|x86
		{0CDB21CA-A5F7-446C-837E-C7C37238F2D7}.Debug|x86.Build.0 = Debug|x86
		{0CDB21CA-A5F7-446C-837E-C7C37238F2D7}.Release|x86.ActiveCfg = Release|x86
		{0CDB21CA-A5F7-446C-837E-C7C37238F2D7}.Release|x86.Build.0 = Release|x86
		{188090E9-8B00-457B-85EB-F48BCDD94B0B}.Debug|x86.ActiveCfg = Debug|x86
		{188090E9-8B00-457B-85EB-F48BCDD94B0B}.Debug|x86.Build.0 = Debug|x86
		{188090E9-8B00-457B-85EB-F48BCDD94B0B}.Release|x86.ActiveCfg = Release|x86
		{188090E9-8B00-457B-85EB-F48BCDD94B0B}.Release|x86.Build.0 = Release|x86
		{12474929-EC83-42D9-BD0C-167C40D51182}.Debug|x86.ActiveCfg = Debug|x86
		{12474929-EC83-42D9-BD0C-167C40D51182}.Debug|x86.Build.0 = Debug|x86
		{12474929-EC83-42D9-BD0C-167C40D51182}.Release|x86.ActiveCfg = Release|x86
		{12474929-EC83-42D9-BD0C-167C40D51182}.Release|x86.Build.0 = Release|x86
		{07A76E17-57AE-4952-A309-2A670CE3D7DD}.Debug|x86.ActiveCfg = Debug|x86
		{07A76E17-57AE-4952-A309-2A670CE3D7DD}.Debug|x86.Build.0 = Debug|x86
		{07A76E17-57AE-4952-A309-2A670CE3D7DD}.Release|x86.ActiveCfg = Release|x86
		{07A76E17-57AE-4952-A309-2A670CE3D7DD}.Release|x86.Build.0 = Release|x86
		{738063DA-F792-4081-A70A-4A3190DBC6D2}.Debug|x86.ActiveCfg = Debug|x86
		{738063DA-F792-4081-A70A-4A3190DBC6D2}.Debug|x86.Build.0 = Debug|x86
		{738063DA-F792-4081-A70A-4A3190DBC6D2}.Release|x86.ActiveCfg = Release|x86
		{738063DA-F792-4081-A70A-4A3190DBC6D2}.Release|x86.Build.0 = Release|x86
		{90B49895-9BF5-48C9-87FE-972E47CDDAE5}.Debug|x86.ActiveCfg = Debug|x86
		{90B49895-9BF5-48C9-87FE-972E47CDDAE5}.Debug|x86.Build.0 = Debug|x86
		{90B49895-9BF5-48C9-87FE-972E47CDDAE5}.Release|x86.ActiveCfg = Release|x86
		{90B49895-9BF5-48C9-87FE-972E47CDDAE5}.Release|x86.Build.0 = Release|x86
		{3FC238BA-7FC2-47AE-AE45-7CF199EDBE08}.Debug|x86.ActiveCfg = Debug|x86
		{3FC238BA-7FC2-47AE-AE45-7CF199EDBE08}.Debug|x86.Build.0 = Debug|x86
		{3FC238BA-7FC2-47AE-AE45-7CF199EDBE08}.Release|x86.ActiveCfg = Release|x86
		{3FC238BA-7FC2-47AE-AE45-7CF199EDBE08}.Release|x86.Build.0 = Release|x86
		{5649A340-1475-4116-B5A1-CD21A99387F5}.Debug|x86.ActiveCfg = Debug|x86
		{5649A340-1475-4116-B5A1-CD21A99387F5}.Debug|x86.Build.0 = Debug|x86
		{5649A340-1475-4116-B5A1-CD21A99387F5}.Release|x86.ActiveCfg = Release|x86
		{5649A340-1475-4116-B5A1-CD21A99387F5}.Release|x86.Build.0 = Release|x86
	EndGlobalSection
	GlobalSection(SolutionProperties) = preSolution
		HideSolutionNode = FALSE
	EndGlobalSection
	GlobalSection(NestedProjects) = preSolution
		{ABA9CC75-B778-4E46-A6F6-AFEC27F2EB59} = {DADB9190-22A4-4C8E-A4C5-962DC1F72637}
		{04157D6E-AFE0-4399-94D5-306CF4AADAC1} = {DADB9190-22A4-4C8E-A4C5-962DC1F72637}
		{0CDB21CA-A5F7-446C-837E-C7C37238F2D7} = {DADB9190-22A4-4C8E-A4C5-962DC1F72637}
		{188090E9-8B00-457B-85EB-F48BCDD94B0B} = {DADB9190-22A4-4C8E-A4C5-962DC1F72637}
		{12474929-EC83-42D9-BD0C-167C40D51182} = {DADB9190-22A4-4C8E-A4C5-962DC1F72637}
		{07A76E17-57AE-4952-A309-2A670CE3D7DD} = {DADB9190-22A4-4C8E-A4C5-962DC1F72637}
		{738063DA-F792-4081-A70A-4A3190DBC6D2} = {DADB9190-22A4-4C8E-A4C5-962DC1F72637}
		{90B49895-9BF5-48C9-87FE-972E47CDDAE5} = {DADB9190-22A4-4C8E-A4C5-962DC1F72637}
		{3FC238BA-7FC2-47AE-AE45-7CF199EDBE08} = {DADB9190-22A4-4C8E-A4C5-962DC1F72637}
		{5649A340-1475-4116-B5A1-CD21A99387F5} = {DADB9190-22A4-4C8E-A4C5-962DC1F72637}
	EndGlobalSection
EndGlobal
