
Microsoft Visual Studio Solution File, Format Version 12.00
# Visual Studio 15
VisualStudioVersion = 15.0.27130.2036
MinimumVisualStudioVersion = 10.0.40219.1
Project("{FAE04EC0-301F-11D3-BF4B-00C04F79EFBC}") = "SimLinkup", "SimLinkup.csproj", "{B928D6CB-9199-4679-8EF6-A489F167D400}"
EndProject
Project("{FAE04EC0-301F-11D3-BF4B-00C04F79EFBC}") = "Common", "..\Common\Common.csproj", "{ABA9CC75-B778-4E46-A6F6-AFEC27F2EB59}"
EndProject
Project("{FAE04EC0-301F-11D3-BF4B-00C04F79EFBC}") = "PHCC", "..\PHCC\PHCC.csproj", "{75FA2030-C9CA-4B2D-8534-8F48EEA13CA3}"
EndProject
Project("{FAE04EC0-301F-11D3-BF4B-00C04F79EFBC}") = "PhccDeviceManager", "..\PhccDeviceManager\PhccDeviceManager.csproj", "{52AB07AF-C7BB-4586-BC5E-34759831CB08}"
EndProject
Project("{FAE04EC0-301F-11D3-BF4B-00C04F79EFBC}") = "F4SharedMem", "..\F4SharedMem\F4SharedMem.csproj", "{517D1B4D-E8C7-4331-BBE7-300FD6B78441}"
EndProject
Project("{FAE04EC0-301F-11D3-BF4B-00C04F79EFBC}") = "AnalogDevices", "..\AnalogDevices\AnalogDevices.csproj", "{E8F9E0E2-6DCA-4C39-8E0C-2818C1D87DA9}"
EndProject
Project("{FAE04EC0-301F-11D3-BF4B-00C04F79EFBC}") = "LightningGauges", "..\LightningGauges\LightningGauges\LightningGauges.csproj", "{E3E09957-DD05-4DEC-961A-915A082C0BC4}"
EndProject
Project("{FAE04EC0-301F-11D3-BF4B-00C04F79EFBC}") = "F4KeyFile", "..\F4KeyFile\F4KeyFile.csproj", "{EEED5595-6EB8-473D-B487-334B45D753A6}"
EndProject
Project("{FAE04EC0-301F-11D3-BF4B-00C04F79EFBC}") = "LzssManaged", "..\Lzss\LzssManaged\LzssManaged.csproj", "{04F20E15-844A-4D30-9EC4-E8FD61A043A9}"
EndProject
Project("{FAE04EC0-301F-11D3-BF4B-00C04F79EFBC}") = "BIUSBWrapper", "..\BIUSBWrapper\BIUSBWrapper.csproj", "{6A686BC3-E2A2-4E46-A175-B318FF0A2646}"
EndProject
Project("{FAE04EC0-301F-11D3-BF4B-00C04F79EFBC}") = "PPJoyWrapper", "..\PPJoyWrapper\PPJoyWrapper.csproj", "{78555A0E-5D2F-4328-A4F0-67B5D7E51871}"
EndProject
Project("{FAE04EC0-301F-11D3-BF4B-00C04F79EFBC}") = "Common.Imaging", "..\Common\Imaging\Common.Imaging.csproj", "{04157D6E-AFE0-4399-94D5-306CF4AADAC1}"
EndProject
Project("{2150E333-8FDC-42A3-9474-1A3956D46DE8}") = "Common", "Common", "{771E9AD1-7F14-455A-A526-0EB0D02CD958}"
EndProject
Project("{FAE04EC0-301F-11D3-BF4B-00C04F79EFBC}") = "Common.Application", "..\Common\Application\Common.Application.csproj", "{0CDB21CA-A5F7-446C-837E-C7C37238F2D7}"
EndProject
Project("{FAE04EC0-301F-11D3-BF4B-00C04F79EFBC}") = "Common.Win32", "..\Common\Win32\Common.Win32.csproj", "{188090E9-8B00-457B-85EB-F48BCDD94B0B}"
EndProject
Project("{FAE04EC0-301F-11D3-BF4B-00C04F79EFBC}") = "Common.SimSupport", "..\Common\SimSupport\Common.SimSupport.csproj", "{275C5E8D-A56A-45D2-8F70-93B0797C2E7B}"
EndProject
Project("{FAE04EC0-301F-11D3-BF4B-00C04F79EFBC}") = "Common.UI", "..\Common\UI\Common.UI.csproj", "{3FC238BA-7FC2-47AE-AE45-7CF199EDBE08}"
EndProject
Project("{FAE04EC0-301F-11D3-BF4B-00C04F79EFBC}") = "Common.MacroProgramming", "..\Common\MacroProgramming\Common.MacroProgramming.csproj", "{320431C6-2454-4D95-8D3C-D27C8E2288E9}"
EndProject
Project("{FAE04EC0-301F-11D3-BF4B-00C04F79EFBC}") = "Common.HardwareSupport", "..\Common\HardwareSupport\Common.HardwareSupport.csproj", "{B8FCC824-2B39-4637-A447-64D60CF60811}"
EndProject
Project("{FAE04EC0-301F-11D3-BF4B-00C04F79EFBC}") = "Common.InputSupport.BetaInnovations", "..\Common\InputSupport\BetaInnovations\Common.InputSupport.BetaInnovations.csproj", "{12474929-EC83-42D9-BD0C-167C40D51182}"
EndProject
Project("{FAE04EC0-301F-11D3-BF4B-00C04F79EFBC}") = "Common.InputSupport", "..\Common\InputSupport\Common.InputSupport.csproj", "{90B49895-9BF5-48C9-87FE-972E47CDDAE5}"
EndProject
Project("{FAE04EC0-301F-11D3-BF4B-00C04F79EFBC}") = "Common.InputSupport.DirectInput", "..\Common\InputSupport\DirectInput\Common.InputSupport.DirectInput.csproj", "{07A76E17-57AE-4952-A309-2A670CE3D7DD}"
EndProject
Project("{FAE04EC0-301F-11D3-BF4B-00C04F79EFBC}") = "Common.InputSupport.Phcc", "..\Common\InputSupport\Phcc\Common.InputSupport.Phcc.csproj", "{738063DA-F792-4081-A70A-4A3190DBC6D2}"
EndProject
Project("{FAE04EC0-301F-11D3-BF4B-00C04F79EFBC}") = "F4Utils.SimSupport", "..\F4Utils\SimSupport\F4Utils.SimSupport.csproj", "{6967BFC5-944D-405C-960B-5A4900EBFD92}"
EndProject
Project("{FAE04EC0-301F-11D3-BF4B-00C04F79EFBC}") = "F4Utils.Process", "..\F4Utils\Process\F4Utils.Process.csproj", "{66242024-B7E5-4F66-AC1A-F0E2F1D70899}"
EndProject
Project("{2150E333-8FDC-42A3-9474-1A3956D46DE8}") = "F4Utils", "F4Utils", "{FF3A5D58-889F-4871-BB0B-1A35EAFA84D2}"
EndProject
Project("{FAE04EC0-301F-11D3-BF4B-00C04F79EFBC}") = "F4Utils.PlayerOp", "..\F4Utils\PlayerOp\F4Utils.PlayerOp.csproj", "{EA92153F-08E5-42B1-B6C5-6B22366E7CF2}"
EndProject
Project("{FAE04EC0-301F-11D3-BF4B-00C04F79EFBC}") = "Common.InputSupport.UI", "..\Common\InputSupport\UI\Common.InputSupport.UI.csproj", "{01ADFC8A-742B-4824-8501-8E0DB931B94F}"
EndProject
Project("{FAE04EC0-301F-11D3-BF4B-00C04F79EFBC}") = "F4TexSharedMem", "..\F4TexSharedMem\F4TexSharedMem.csproj", "{E930BA7B-7474-49D7-B7CF-25106C450190}"
EndProject
Project("{FAE04EC0-301F-11D3-BF4B-00C04F79EFBC}") = "F4Utils.Terrain", "..\F4Utils\Terrain\F4Utils.Terrain.csproj", "{305B6164-1C7D-4627-9774-DB6BD5CF50E8}"
EndProject
Project("{FAE04EC0-301F-11D3-BF4B-00C04F79EFBC}") = "F4Utils.Campaign", "..\F4Utils\Campaign\F4Utils.Campaign.csproj", "{D386EC91-6D89-421F-87BC-4849E0232722}"
EndProject
Project("{FAE04EC0-301F-11D3-BF4B-00C04F79EFBC}") = "F4Utils.Resources", "..\F4Utils\Resources\F4Utils.Resources.csproj", "{A95B675E-E59B-4D44-B66E-8E642B2D825F}"
EndProject
Project("{FAE04EC0-301F-11D3-BF4B-00C04F79EFBC}") = "Common.Compression", "..\Common\Compression\Common.Compression.csproj", "{1E857490-C70D-4EF8-9EDD-A1FDBCF98AB6}"
EndProject
Project("{FAE04EC0-301F-11D3-BF4B-00C04F79EFBC}") = "Henkie.SDI", "..\Henkie\Henkie.SDI\Henkie.SDI.csproj", "{7326F627-65F7-4163-A579-36AF2091B357}"
EndProject
Project("{54435603-DBB4-11D2-8724-00A0C9A8B90C}") = "SimLinkupSetup", "SimLinkupSetup\SimLinkupSetup.vdproj", "{B0E0274A-9EB9-4E42-BD7C-3E11FAE36FD9}"
EndProject
Project("{2150E333-8FDC-42A3-9474-1A3956D46DE8}") = "Solution Items", "Solution Items", "{20CF54EB-1FAA-4B0E-B3CF-BCE4C2AAEF02}"
EndProject
Project("{FAE04EC0-301F-11D3-BF4B-00C04F79EFBC}") = "Common.Drawing", "..\Common\Drawing\Common.Drawing.csproj", "{5649A340-1475-4116-B5A1-CD21A99387F5}"
EndProject
Project("{2150E333-8FDC-42A3-9474-1A3956D46DE8}") = "SimLinkup", "SimLinkup", "{40459742-DCE1-42E5-B62A-7FE09B96695B}"
EndProject
Project("{FAE04EC0-301F-11D3-BF4B-00C04F79EFBC}") = "SimLinkup.UnitTests", "UnitTests\SimLinkup.UnitTests.csproj", "{F5DFFB93-5C6A-4179-83F3-A39CBF4BC66D}"
EndProject
Project("{2150E333-8FDC-42A3-9474-1A3956D46DE8}") = "Phcc", "Phcc", "{0AFB2F85-74AB-45F3-837F-751EC5CFF298}"
EndProject
Project("{FAE04EC0-301F-11D3-BF4B-00C04F79EFBC}") = "Henkie.Common", "..\Henkie\Henkie.Common\Henkie.Common.csproj", "{80C69F3D-8429-4270-9021-CC3A76FE5F13}"
EndProject
Project("{2150E333-8FDC-42A3-9474-1A3956D46DE8}") = "Henkie", "Henkie", "{69F6B7FC-1460-45FF-B698-061B24DC1590}"
EndProject
Project("{FAE04EC0-301F-11D3-BF4B-00C04F79EFBC}") = "Henkie.Altimeter", "..\Henkie\Henkie.Altimeter\Henkie.Altimeter.csproj", "{28F849D9-6D44-4B36-BED9-06F9D2207269}"
EndProject
Project("{FAE04EC0-301F-11D3-BF4B-00C04F79EFBC}") = "Henkie.FuelFlow", "..\Henkie\Henkie.FuelFlow\Henkie.FuelFlow.csproj", "{99B05C84-1313-4839-A565-075F3ABFBE85}"
EndProject
Project("{FAE04EC0-301F-11D3-BF4B-00C04F79EFBC}") = "Henkie.QuadSinCos", "..\Henkie\Henkie.QuadSinCos\Henkie.QuadSinCos.csproj", "{B8254151-27D0-4471-A3B5-DF84BDD24B77}"
EndProject
Global
	GlobalSection(SolutionConfigurationPlatforms) = preSolution
		Debug|x86 = Debug|x86
		Release|x86 = Release|x86
	EndGlobalSection
	GlobalSection(ProjectConfigurationPlatforms) = postSolution
		{B928D6CB-9199-4679-8EF6-A489F167D400}.Debug|x86.ActiveCfg = Debug|x86
		{B928D6CB-9199-4679-8EF6-A489F167D400}.Debug|x86.Build.0 = Debug|x86
		{B928D6CB-9199-4679-8EF6-A489F167D400}.Release|x86.ActiveCfg = Release|x86
		{B928D6CB-9199-4679-8EF6-A489F167D400}.Release|x86.Build.0 = Release|x86
		{ABA9CC75-B778-4E46-A6F6-AFEC27F2EB59}.Debug|x86.ActiveCfg = Debug|x86
		{ABA9CC75-B778-4E46-A6F6-AFEC27F2EB59}.Debug|x86.Build.0 = Debug|x86
		{ABA9CC75-B778-4E46-A6F6-AFEC27F2EB59}.Release|x86.ActiveCfg = Release|x86
		{ABA9CC75-B778-4E46-A6F6-AFEC27F2EB59}.Release|x86.Build.0 = Release|x86
		{75FA2030-C9CA-4B2D-8534-8F48EEA13CA3}.Debug|x86.ActiveCfg = Debug|x86
		{75FA2030-C9CA-4B2D-8534-8F48EEA13CA3}.Debug|x86.Build.0 = Debug|x86
		{75FA2030-C9CA-4B2D-8534-8F48EEA13CA3}.Release|x86.ActiveCfg = Release|x86
		{75FA2030-C9CA-4B2D-8534-8F48EEA13CA3}.Release|x86.Build.0 = Release|x86
		{52AB07AF-C7BB-4586-BC5E-34759831CB08}.Debug|x86.ActiveCfg = Debug|x86
		{52AB07AF-C7BB-4586-BC5E-34759831CB08}.Debug|x86.Build.0 = Debug|x86
		{52AB07AF-C7BB-4586-BC5E-34759831CB08}.Release|x86.ActiveCfg = Release|x86
		{52AB07AF-C7BB-4586-BC5E-34759831CB08}.Release|x86.Build.0 = Release|x86
		{517D1B4D-E8C7-4331-BBE7-300FD6B78441}.Debug|x86.ActiveCfg = Debug|x86
		{517D1B4D-E8C7-4331-BBE7-300FD6B78441}.Debug|x86.Build.0 = Debug|x86
		{517D1B4D-E8C7-4331-BBE7-300FD6B78441}.Release|x86.ActiveCfg = Release|x86
		{517D1B4D-E8C7-4331-BBE7-300FD6B78441}.Release|x86.Build.0 = Release|x86
		{E8F9E0E2-6DCA-4C39-8E0C-2818C1D87DA9}.Debug|x86.ActiveCfg = Debug|x86
		{E8F9E0E2-6DCA-4C39-8E0C-2818C1D87DA9}.Debug|x86.Build.0 = Debug|x86
		{E8F9E0E2-6DCA-4C39-8E0C-2818C1D87DA9}.Release|x86.ActiveCfg = Release|x86
		{E8F9E0E2-6DCA-4C39-8E0C-2818C1D87DA9}.Release|x86.Build.0 = Release|x86
		{E3E09957-DD05-4DEC-961A-915A082C0BC4}.Debug|x86.ActiveCfg = Debug|x86
		{E3E09957-DD05-4DEC-961A-915A082C0BC4}.Debug|x86.Build.0 = Debug|x86
		{E3E09957-DD05-4DEC-961A-915A082C0BC4}.Release|x86.ActiveCfg = Release|x86
		{E3E09957-DD05-4DEC-961A-915A082C0BC4}.Release|x86.Build.0 = Release|x86
		{EEED5595-6EB8-473D-B487-334B45D753A6}.Debug|x86.ActiveCfg = Debug|x86
		{EEED5595-6EB8-473D-B487-334B45D753A6}.Debug|x86.Build.0 = Debug|x86
		{EEED5595-6EB8-473D-B487-334B45D753A6}.Release|x86.ActiveCfg = Release|x86
		{EEED5595-6EB8-473D-B487-334B45D753A6}.Release|x86.Build.0 = Release|x86
		{04F20E15-844A-4D30-9EC4-E8FD61A043A9}.Debug|x86.ActiveCfg = Debug|x86
		{04F20E15-844A-4D30-9EC4-E8FD61A043A9}.Debug|x86.Build.0 = Debug|x86
		{04F20E15-844A-4D30-9EC4-E8FD61A043A9}.Release|x86.ActiveCfg = Release|x86
		{04F20E15-844A-4D30-9EC4-E8FD61A043A9}.Release|x86.Build.0 = Release|x86
		{6A686BC3-E2A2-4E46-A175-B318FF0A2646}.Debug|x86.ActiveCfg = Debug|x86
		{6A686BC3-E2A2-4E46-A175-B318FF0A2646}.Debug|x86.Build.0 = Debug|x86
		{6A686BC3-E2A2-4E46-A175-B318FF0A2646}.Release|x86.ActiveCfg = Release|x86
		{6A686BC3-E2A2-4E46-A175-B318FF0A2646}.Release|x86.Build.0 = Release|x86
		{78555A0E-5D2F-4328-A4F0-67B5D7E51871}.Debug|x86.ActiveCfg = Debug|x86
		{78555A0E-5D2F-4328-A4F0-67B5D7E51871}.Debug|x86.Build.0 = Debug|x86
		{78555A0E-5D2F-4328-A4F0-67B5D7E51871}.Release|x86.ActiveCfg = Release|x86
		{78555A0E-5D2F-4328-A4F0-67B5D7E51871}.Release|x86.Build.0 = Release|x86
		{04157D6E-AFE0-4399-94D5-306CF4AADAC1}.Debug|x86.ActiveCfg = Debug|x86
		{04157D6E-AFE0-4399-94D5-306CF4AADAC1}.Debug|x86.Build.0 = Debug|x86
		{04157D6E-AFE0-4399-94D5-306CF4AADAC1}.Release|x86.ActiveCfg = Release|x86
		{04157D6E-AFE0-4399-94D5-306CF4AADAC1}.Release|x86.Build.0 = Release|x86
		{0CDB21CA-A5F7-446C-837E-C7C37238F2D7}.Debug|x86.ActiveCfg = Debug|x86
		{0CDB21CA-A5F7-446C-837E-C7C37238F2D7}.Debug|x86.Build.0 = Debug|x86
		{0CDB21CA-A5F7-446C-837E-C7C37238F2D7}.Release|x86.ActiveCfg = Release|x86
		{0CDB21CA-A5F7-446C-837E-C7C37238F2D7}.Release|x86.Build.0 = Release|x86
		{188090E9-8B00-457B-85EB-F48BCDD94B0B}.Debug|x86.ActiveCfg = Debug|x86
		{188090E9-8B00-457B-85EB-F48BCDD94B0B}.Debug|x86.Build.0 = Debug|x86
		{188090E9-8B00-457B-85EB-F48BCDD94B0B}.Release|x86.ActiveCfg = Release|x86
		{188090E9-8B00-457B-85EB-F48BCDD94B0B}.Release|x86.Build.0 = Release|x86
		{275C5E8D-A56A-45D2-8F70-93B0797C2E7B}.Debug|x86.ActiveCfg = Debug|x86
		{275C5E8D-A56A-45D2-8F70-93B0797C2E7B}.Debug|x86.Build.0 = Debug|x86
		{275C5E8D-A56A-45D2-8F70-93B0797C2E7B}.Release|x86.ActiveCfg = Release|x86
		{275C5E8D-A56A-45D2-8F70-93B0797C2E7B}.Release|x86.Build.0 = Release|x86
		{3FC238BA-7FC2-47AE-AE45-7CF199EDBE08}.Debug|x86.ActiveCfg = Debug|x86
		{3FC238BA-7FC2-47AE-AE45-7CF199EDBE08}.Debug|x86.Build.0 = Debug|x86
		{3FC238BA-7FC2-47AE-AE45-7CF199EDBE08}.Release|x86.ActiveCfg = Release|x86
		{3FC238BA-7FC2-47AE-AE45-7CF199EDBE08}.Release|x86.Build.0 = Release|x86
		{320431C6-2454-4D95-8D3C-D27C8E2288E9}.Debug|x86.ActiveCfg = Debug|x86
		{320431C6-2454-4D95-8D3C-D27C8E2288E9}.Debug|x86.Build.0 = Debug|x86
		{320431C6-2454-4D95-8D3C-D27C8E2288E9}.Release|x86.ActiveCfg = Release|x86
		{320431C6-2454-4D95-8D3C-D27C8E2288E9}.Release|x86.Build.0 = Release|x86
		{B8FCC824-2B39-4637-A447-64D60CF60811}.Debug|x86.ActiveCfg = Debug|x86
		{B8FCC824-2B39-4637-A447-64D60CF60811}.Debug|x86.Build.0 = Debug|x86
		{B8FCC824-2B39-4637-A447-64D60CF60811}.Release|x86.ActiveCfg = Release|x86
		{B8FCC824-2B39-4637-A447-64D60CF60811}.Release|x86.Build.0 = Release|x86
		{12474929-EC83-42D9-BD0C-167C40D51182}.Debug|x86.ActiveCfg = Debug|x86
		{12474929-EC83-42D9-BD0C-167C40D51182}.Debug|x86.Build.0 = Debug|x86
		{12474929-EC83-42D9-BD0C-167C40D51182}.Release|x86.ActiveCfg = Release|x86
		{12474929-EC83-42D9-BD0C-167C40D51182}.Release|x86.Build.0 = Release|x86
		{90B49895-9BF5-48C9-87FE-972E47CDDAE5}.Debug|x86.ActiveCfg = Debug|x86
		{90B49895-9BF5-48C9-87FE-972E47CDDAE5}.Debug|x86.Build.0 = Debug|x86
		{90B49895-9BF5-48C9-87FE-972E47CDDAE5}.Release|x86.ActiveCfg = Release|x86
		{90B49895-9BF5-48C9-87FE-972E47CDDAE5}.Release|x86.Build.0 = Release|x86
		{07A76E17-57AE-4952-A309-2A670CE3D7DD}.Debug|x86.ActiveCfg = Debug|x86
		{07A76E17-57AE-4952-A309-2A670CE3D7DD}.Debug|x86.Build.0 = Debug|x86
		{07A76E17-57AE-4952-A309-2A670CE3D7DD}.Release|x86.ActiveCfg = Release|x86
		{07A76E17-57AE-4952-A309-2A670CE3D7DD}.Release|x86.Build.0 = Release|x86
		{738063DA-F792-4081-A70A-4A3190DBC6D2}.Debug|x86.ActiveCfg = Debug|x86
		{738063DA-F792-4081-A70A-4A3190DBC6D2}.Debug|x86.Build.0 = Debug|x86
		{738063DA-F792-4081-A70A-4A3190DBC6D2}.Release|x86.ActiveCfg = Release|x86
		{738063DA-F792-4081-A70A-4A3190DBC6D2}.Release|x86.Build.0 = Release|x86
		{6967BFC5-944D-405C-960B-5A4900EBFD92}.Debug|x86.ActiveCfg = Debug|x86
		{6967BFC5-944D-405C-960B-5A4900EBFD92}.Debug|x86.Build.0 = Debug|x86
		{6967BFC5-944D-405C-960B-5A4900EBFD92}.Release|x86.ActiveCfg = Release|x86
		{6967BFC5-944D-405C-960B-5A4900EBFD92}.Release|x86.Build.0 = Release|x86
		{66242024-B7E5-4F66-AC1A-F0E2F1D70899}.Debug|x86.ActiveCfg = Debug|x86
		{66242024-B7E5-4F66-AC1A-F0E2F1D70899}.Debug|x86.Build.0 = Debug|x86
		{66242024-B7E5-4F66-AC1A-F0E2F1D70899}.Release|x86.ActiveCfg = Release|x86
		{66242024-B7E5-4F66-AC1A-F0E2F1D70899}.Release|x86.Build.0 = Release|x86
		{EA92153F-08E5-42B1-B6C5-6B22366E7CF2}.Debug|x86.ActiveCfg = Debug|x86
		{EA92153F-08E5-42B1-B6C5-6B22366E7CF2}.Debug|x86.Build.0 = Debug|x86
		{EA92153F-08E5-42B1-B6C5-6B22366E7CF2}.Release|x86.ActiveCfg = Release|x86
		{EA92153F-08E5-42B1-B6C5-6B22366E7CF2}.Release|x86.Build.0 = Release|x86
		{01ADFC8A-742B-4824-8501-8E0DB931B94F}.Debug|x86.ActiveCfg = Debug|x86
		{01ADFC8A-742B-4824-8501-8E0DB931B94F}.Debug|x86.Build.0 = Debug|x86
		{01ADFC8A-742B-4824-8501-8E0DB931B94F}.Release|x86.ActiveCfg = Release|x86
		{01ADFC8A-742B-4824-8501-8E0DB931B94F}.Release|x86.Build.0 = Release|x86
		{5130F409-0E66-4D02-9DE9-7BFB11174C13}.Debug|x86.ActiveCfg = Debug|x86
		{5130F409-0E66-4D02-9DE9-7BFB11174C13}.Debug|x86.Build.0 = Debug|x86
		{5130F409-0E66-4D02-9DE9-7BFB11174C13}.Release|x86.ActiveCfg = Release|x86
		{5130F409-0E66-4D02-9DE9-7BFB11174C13}.Release|x86.Build.0 = Release|x86
		{E930BA7B-7474-49D7-B7CF-25106C450190}.Debug|x86.ActiveCfg = Debug|x86
		{E930BA7B-7474-49D7-B7CF-25106C450190}.Debug|x86.Build.0 = Debug|x86
		{E930BA7B-7474-49D7-B7CF-25106C450190}.Release|x86.ActiveCfg = Release|x86
		{E930BA7B-7474-49D7-B7CF-25106C450190}.Release|x86.Build.0 = Release|x86
		{305B6164-1C7D-4627-9774-DB6BD5CF50E8}.Debug|x86.ActiveCfg = Debug|x86
		{305B6164-1C7D-4627-9774-DB6BD5CF50E8}.Debug|x86.Build.0 = Debug|x86
		{305B6164-1C7D-4627-9774-DB6BD5CF50E8}.Release|x86.ActiveCfg = Release|x86
		{305B6164-1C7D-4627-9774-DB6BD5CF50E8}.Release|x86.Build.0 = Release|x86
		{D386EC91-6D89-421F-87BC-4849E0232722}.Debug|x86.ActiveCfg = Debug|x86
		{D386EC91-6D89-421F-87BC-4849E0232722}.Debug|x86.Build.0 = Debug|x86
		{D386EC91-6D89-421F-87BC-4849E0232722}.Release|x86.ActiveCfg = Release|x86
		{D386EC91-6D89-421F-87BC-4849E0232722}.Release|x86.Build.0 = Release|x86
		{A95B675E-E59B-4D44-B66E-8E642B2D825F}.Debug|x86.ActiveCfg = Debug|x86
		{A95B675E-E59B-4D44-B66E-8E642B2D825F}.Debug|x86.Build.0 = Debug|x86
		{A95B675E-E59B-4D44-B66E-8E642B2D825F}.Release|x86.ActiveCfg = Release|x86
		{A95B675E-E59B-4D44-B66E-8E642B2D825F}.Release|x86.Build.0 = Release|x86
		{1E857490-C70D-4EF8-9EDD-A1FDBCF98AB6}.Debug|x86.ActiveCfg = Debug|x86
		{1E857490-C70D-4EF8-9EDD-A1FDBCF98AB6}.Debug|x86.Build.0 = Debug|x86
		{1E857490-C70D-4EF8-9EDD-A1FDBCF98AB6}.Release|x86.ActiveCfg = Release|x86
		{1E857490-C70D-4EF8-9EDD-A1FDBCF98AB6}.Release|x86.Build.0 = Release|x86
		{7326F627-65F7-4163-A579-36AF2091B357}.Debug|x86.ActiveCfg = Debug|x86
		{7326F627-65F7-4163-A579-36AF2091B357}.Debug|x86.Build.0 = Debug|x86
		{7326F627-65F7-4163-A579-36AF2091B357}.Release|x86.ActiveCfg = Release|x86
		{7326F627-65F7-4163-A579-36AF2091B357}.Release|x86.Build.0 = Release|x86
		{B0E0274A-9EB9-4E42-BD7C-3E11FAE36FD9}.Debug|x86.ActiveCfg = Debug
		{B0E0274A-9EB9-4E42-BD7C-3E11FAE36FD9}.Debug|x86.Build.0 = Debug
		{B0E0274A-9EB9-4E42-BD7C-3E11FAE36FD9}.Release|x86.ActiveCfg = Release
		{B0E0274A-9EB9-4E42-BD7C-3E11FAE36FD9}.Release|x86.Build.0 = Release
		{5649A340-1475-4116-B5A1-CD21A99387F5}.Debug|x86.ActiveCfg = Debug|x86
		{5649A340-1475-4116-B5A1-CD21A99387F5}.Debug|x86.Build.0 = Debug|x86
		{5649A340-1475-4116-B5A1-CD21A99387F5}.Release|x86.ActiveCfg = Release|x86
		{5649A340-1475-4116-B5A1-CD21A99387F5}.Release|x86.Build.0 = Release|x86
		{F5DFFB93-5C6A-4179-83F3-A39CBF4BC66D}.Debug|x86.ActiveCfg = Debug|x86
		{F5DFFB93-5C6A-4179-83F3-A39CBF4BC66D}.Debug|x86.Build.0 = Debug|x86
		{F5DFFB93-5C6A-4179-83F3-A39CBF4BC66D}.Release|x86.ActiveCfg = Release|x86
		{F5DFFB93-5C6A-4179-83F3-A39CBF4BC66D}.Release|x86.Build.0 = Release|x86
		{80C69F3D-8429-4270-9021-CC3A76FE5F13}.Debug|x86.ActiveCfg = Debug|x86
		{80C69F3D-8429-4270-9021-CC3A76FE5F13}.Debug|x86.Build.0 = Debug|x86
		{80C69F3D-8429-4270-9021-CC3A76FE5F13}.Release|x86.ActiveCfg = Release|x86
		{80C69F3D-8429-4270-9021-CC3A76FE5F13}.Release|x86.Build.0 = Release|x86
		{28F849D9-6D44-4B36-BED9-06F9D2207269}.Debug|x86.ActiveCfg = Debug|x86
		{28F849D9-6D44-4B36-BED9-06F9D2207269}.Debug|x86.Build.0 = Debug|x86
		{28F849D9-6D44-4B36-BED9-06F9D2207269}.Release|x86.ActiveCfg = Release|x86
		{28F849D9-6D44-4B36-BED9-06F9D2207269}.Release|x86.Build.0 = Release|x86
		{99B05C84-1313-4839-A565-075F3ABFBE85}.Debug|x86.ActiveCfg = Debug|x86
		{99B05C84-1313-4839-A565-075F3ABFBE85}.Debug|x86.Build.0 = Debug|x86
		{99B05C84-1313-4839-A565-075F3ABFBE85}.Release|x86.ActiveCfg = Release|x86
		{99B05C84-1313-4839-A565-075F3ABFBE85}.Release|x86.Build.0 = Release|x86
		{B8254151-27D0-4471-A3B5-DF84BDD24B77}.Debug|x86.ActiveCfg = Debug|x86
		{B8254151-27D0-4471-A3B5-DF84BDD24B77}.Debug|x86.Build.0 = Debug|x86
		{B8254151-27D0-4471-A3B5-DF84BDD24B77}.Release|x86.ActiveCfg = Release|x86
		{B8254151-27D0-4471-A3B5-DF84BDD24B77}.Release|x86.Build.0 = Release|x86
	EndGlobalSection
	GlobalSection(SolutionProperties) = preSolution
		HideSolutionNode = FALSE
	EndGlobalSection
	GlobalSection(NestedProjects) = preSolution
		{B928D6CB-9199-4679-8EF6-A489F167D400} = {40459742-DCE1-42E5-B62A-7FE09B96695B}
		{ABA9CC75-B778-4E46-A6F6-AFEC27F2EB59} = {771E9AD1-7F14-455A-A526-0EB0D02CD958}
		{75FA2030-C9CA-4B2D-8534-8F48EEA13CA3} = {0AFB2F85-74AB-45F3-837F-751EC5CFF298}
		{52AB07AF-C7BB-4586-BC5E-34759831CB08} = {0AFB2F85-74AB-45F3-837F-751EC5CFF298}
		{04157D6E-AFE0-4399-94D5-306CF4AADAC1} = {771E9AD1-7F14-455A-A526-0EB0D02CD958}
		{0CDB21CA-A5F7-446C-837E-C7C37238F2D7} = {771E9AD1-7F14-455A-A526-0EB0D02CD958}
		{188090E9-8B00-457B-85EB-F48BCDD94B0B} = {771E9AD1-7F14-455A-A526-0EB0D02CD958}
		{275C5E8D-A56A-45D2-8F70-93B0797C2E7B} = {771E9AD1-7F14-455A-A526-0EB0D02CD958}
		{3FC238BA-7FC2-47AE-AE45-7CF199EDBE08} = {771E9AD1-7F14-455A-A526-0EB0D02CD958}
		{320431C6-2454-4D95-8D3C-D27C8E2288E9} = {771E9AD1-7F14-455A-A526-0EB0D02CD958}
		{B8FCC824-2B39-4637-A447-64D60CF60811} = {771E9AD1-7F14-455A-A526-0EB0D02CD958}
		{12474929-EC83-42D9-BD0C-167C40D51182} = {771E9AD1-7F14-455A-A526-0EB0D02CD958}
		{90B49895-9BF5-48C9-87FE-972E47CDDAE5} = {771E9AD1-7F14-455A-A526-0EB0D02CD958}
		{07A76E17-57AE-4952-A309-2A670CE3D7DD} = {771E9AD1-7F14-455A-A526-0EB0D02CD958}
		{738063DA-F792-4081-A70A-4A3190DBC6D2} = {771E9AD1-7F14-455A-A526-0EB0D02CD958}
		{6967BFC5-944D-405C-960B-5A4900EBFD92} = {FF3A5D58-889F-4871-BB0B-1A35EAFA84D2}
		{66242024-B7E5-4F66-AC1A-F0E2F1D70899} = {FF3A5D58-889F-4871-BB0B-1A35EAFA84D2}
		{EA92153F-08E5-42B1-B6C5-6B22366E7CF2} = {FF3A5D58-889F-4871-BB0B-1A35EAFA84D2}
		{01ADFC8A-742B-4824-8501-8E0DB931B94F} = {771E9AD1-7F14-455A-A526-0EB0D02CD958}
		{5130F409-0E66-4D02-9DE9-7BFB11174C13} = {771E9AD1-7F14-455A-A526-0EB0D02CD958}
		{305B6164-1C7D-4627-9774-DB6BD5CF50E8} = {FF3A5D58-889F-4871-BB0B-1A35EAFA84D2}
		{D386EC91-6D89-421F-87BC-4849E0232722} = {FF3A5D58-889F-4871-BB0B-1A35EAFA84D2}
		{A95B675E-E59B-4D44-B66E-8E642B2D825F} = {FF3A5D58-889F-4871-BB0B-1A35EAFA84D2}
		{1E857490-C70D-4EF8-9EDD-A1FDBCF98AB6} = {771E9AD1-7F14-455A-A526-0EB0D02CD958}
		{7326F627-65F7-4163-A579-36AF2091B357} = {69F6B7FC-1460-45FF-B698-061B24DC1590}
		{B0E0274A-9EB9-4E42-BD7C-3E11FAE36FD9} = {40459742-DCE1-42E5-B62A-7FE09B96695B}
		{5649A340-1475-4116-B5A1-CD21A99387F5} = {771E9AD1-7F14-455A-A526-0EB0D02CD958}
		{F5DFFB93-5C6A-4179-83F3-A39CBF4BC66D} = {40459742-DCE1-42E5-B62A-7FE09B96695B}
		{80C69F3D-8429-4270-9021-CC3A76FE5F13} = {69F6B7FC-1460-45FF-B698-061B24DC1590}
		{28F849D9-6D44-4B36-BED9-06F9D2207269} = {69F6B7FC-1460-45FF-B698-061B24DC1590}
		{99B05C84-1313-4839-A565-075F3ABFBE85} = {69F6B7FC-1460-45FF-B698-061B24DC1590}
		{B8254151-27D0-4471-A3B5-DF84BDD24B77} = {69F6B7FC-1460-45FF-B698-061B24DC1590}
	EndGlobalSection
	GlobalSection(ExtensibilityGlobals) = postSolution
		SolutionGuid = {4E2CA56F-FB3C-4176-89D1-C05DC8248ACB}
	EndGlobalSection
EndGlobal
