
Microsoft Visual Studio Solution File, Format Version 12.00
# Visual Studio 15
VisualStudioVersion = 15.0.27428.2027
MinimumVisualStudioVersion = 10.0.40219.1
Project("{FAE04EC0-301F-11D3-BF4B-00C04F79EFBC}") = "F16CPD", "F16CPD.csproj", "{00B0AF4E-9949-40D9-92DB-C5C4DE871834}"
EndProject
Project("{FAE04EC0-301F-11D3-BF4B-00C04F79EFBC}") = "F4KeyFile", "..\F4KeyFile\F4KeyFile.csproj", "{EEED5595-6EB8-473D-B487-334B45D753A6}"
EndProject
Project("{FAE04EC0-301F-11D3-BF4B-00C04F79EFBC}") = "F4SharedMem", "..\F4SharedMem\F4SharedMem.csproj", "{517D1B4D-E8C7-4331-BBE7-300FD6B78441}"
EndProject
Project("{54435603-DBB4-11D2-8724-00A0C9A8B90C}") = "F16CpdSetup", "F16CpdSetup\F16CpdSetup.vdproj", "{ACD4DF1C-8994-417C-9F40-D2BAEE0DD7A2}"
EndProject
Project("{FAE04EC0-301F-11D3-BF4B-00C04F79EFBC}") = "Common", "..\Common\Common.csproj", "{ABA9CC75-B778-4E46-A6F6-AFEC27F2EB59}"
EndProject
Project("{FAE04EC0-301F-11D3-BF4B-00C04F79EFBC}") = "PHCC", "..\PHCC\PHCC.csproj", "{75FA2030-C9CA-4B2D-8534-8F48EEA13CA3}"
EndProject
Project("{FAE04EC0-301F-11D3-BF4B-00C04F79EFBC}") = "BIUSBWrapper", "..\BIUSBWrapper\BIUSBWrapper.csproj", "{6A686BC3-E2A2-4E46-A175-B318FF0A2646}"
EndProject
Project("{FAE04EC0-301F-11D3-BF4B-00C04F79EFBC}") = "PPJoyWrapper", "..\PPJoyWrapper\PPJoyWrapper.csproj", "{78555A0E-5D2F-4328-A4F0-67B5D7E51871}"
EndProject
Project("{FAE04EC0-301F-11D3-BF4B-00C04F79EFBC}") = "LzssManaged", "..\Lzss\LzssManaged\LzssManaged.csproj", "{04F20E15-844A-4D30-9EC4-E8FD61A043A9}"
EndProject
Project("{2150E333-8FDC-42A3-9474-1A3956D46DE8}") = "Solution Items", "Solution Items", "{CCB32DF0-170E-40EE-85CA-EE4B2573B52E}"
EndProject
Project("{FAE04EC0-301F-11D3-BF4B-00C04F79EFBC}") = "Common.Imaging", "..\Common\Imaging\Common.Imaging.csproj", "{04157D6E-AFE0-4399-94D5-306CF4AADAC1}"
EndProject
Project("{FAE04EC0-301F-11D3-BF4B-00C04F79EFBC}") = "F4Utils.SimSupport", "..\F4Utils\SimSupport\F4Utils.SimSupport.csproj", "{6967BFC5-944D-405C-960B-5A4900EBFD92}"
EndProject
Project("{FAE04EC0-301F-11D3-BF4B-00C04F79EFBC}") = "F4Utils.Process", "..\F4Utils\Process\F4Utils.Process.csproj", "{66242024-B7E5-4F66-AC1A-F0E2F1D70899}"
EndProject
Project("{FAE04EC0-301F-11D3-BF4B-00C04F79EFBC}") = "F4Utils.Terrain", "..\F4Utils\Terrain\F4Utils.Terrain.csproj", "{305B6164-1C7D-4627-9774-DB6BD5CF50E8}"
EndProject
Project("{FAE04EC0-301F-11D3-BF4B-00C04F79EFBC}") = "F4Utils.PlayerOp", "..\F4Utils\PlayerOp\F4Utils.PlayerOp.csproj", "{EA92153F-08E5-42B1-B6C5-6B22366E7CF2}"
EndProject
Project("{FAE04EC0-301F-11D3-BF4B-00C04F79EFBC}") = "Common.Application", "..\Common\Application\Common.Application.csproj", "{0CDB21CA-A5F7-446C-837E-C7C37238F2D7}"
EndProject
Project("{2150E333-8FDC-42A3-9474-1A3956D46DE8}") = "Common", "Common", "{B75892D5-8A05-4C57-82D7-C2886157DF41}"
EndProject
Project("{2150E333-8FDC-42A3-9474-1A3956D46DE8}") = "F4Utils", "F4Utils", "{87B9C1D4-61AB-457C-8388-E6DA96325539}"
EndProject
Project("{FAE04EC0-301F-11D3-BF4B-00C04F79EFBC}") = "Common.Compression", "..\Common\Compression\Common.Compression.csproj", "{1E857490-C70D-4EF8-9EDD-A1FDBCF98AB6}"
EndProject
Project("{FAE04EC0-301F-11D3-BF4B-00C04F79EFBC}") = "Common.Win32", "..\Common\Win32\Common.Win32.csproj", "{188090E9-8B00-457B-85EB-F48BCDD94B0B}"
EndProject
Project("{FAE04EC0-301F-11D3-BF4B-00C04F79EFBC}") = "Common.InputSupport", "..\Common\InputSupport\Common.InputSupport.csproj", "{90B49895-9BF5-48C9-87FE-972E47CDDAE5}"
EndProject
Project("{FAE04EC0-301F-11D3-BF4B-00C04F79EFBC}") = "Common.InputSupport.BetaInnovations", "..\Common\InputSupport\BetaInnovations\Common.InputSupport.BetaInnovations.csproj", "{12474929-EC83-42D9-BD0C-167C40D51182}"
EndProject
Project("{FAE04EC0-301F-11D3-BF4B-00C04F79EFBC}") = "Common.InputSupport.DirectInput", "..\Common\InputSupport\DirectInput\Common.InputSupport.DirectInput.csproj", "{07A76E17-57AE-4952-A309-2A670CE3D7DD}"
EndProject
Project("{FAE04EC0-301F-11D3-BF4B-00C04F79EFBC}") = "Common.InputSupport.Phcc", "..\Common\InputSupport\Phcc\Common.InputSupport.Phcc.csproj", "{738063DA-F792-4081-A70A-4A3190DBC6D2}"
EndProject
Project("{FAE04EC0-301F-11D3-BF4B-00C04F79EFBC}") = "Common.InputSupport.UI", "..\Common\InputSupport\UI\Common.InputSupport.UI.csproj", "{01ADFC8A-742B-4824-8501-8E0DB931B94F}"
EndProject
Project("{FAE04EC0-301F-11D3-BF4B-00C04F79EFBC}") = "Common.PDF", "..\Common\PDF\Common.PDF.csproj", "{5130F409-0E66-4D02-9DE9-7BFB11174C13}"
EndProject
Project("{FAE04EC0-301F-11D3-BF4B-00C04F79EFBC}") = "Common.SimSupport", "..\Common\SimSupport\Common.SimSupport.csproj", "{275C5E8D-A56A-45D2-8F70-93B0797C2E7B}"
EndProject
Project("{FAE04EC0-301F-11D3-BF4B-00C04F79EFBC}") = "Common.UI", "..\Common\UI\Common.UI.csproj", "{3FC238BA-7FC2-47AE-AE45-7CF199EDBE08}"
EndProject
Project("{FAE04EC0-301F-11D3-BF4B-00C04F79EFBC}") = "Common.MacroProgramming", "..\Common\MacroProgramming\Common.MacroProgramming.csproj", "{320431C6-2454-4D95-8D3C-D27C8E2288E9}"
EndProject
Project("{FAE04EC0-301F-11D3-BF4B-00C04F79EFBC}") = "F4Utils.Campaign", "..\F4Utils\Campaign\F4Utils.Campaign.csproj", "{D386EC91-6D89-421F-87BC-4849E0232722}"
EndProject
Project("{FAE04EC0-301F-11D3-BF4B-00C04F79EFBC}") = "F4Utils.Resources", "..\F4Utils\Resources\F4Utils.Resources.csproj", "{A95B675E-E59B-4D44-B66E-8E642B2D825F}"
EndProject
Project("{FAE04EC0-301F-11D3-BF4B-00C04F79EFBC}") = "F4TexSharedMem", "..\F4TexSharedMem\F4TexSharedMem.csproj", "{E930BA7B-7474-49D7-B7CF-25106C450190}"
EndProject
Project("{FAE04EC0-301F-11D3-BF4B-00C04F79EFBC}") = "Common.Drawing", "..\Common\Drawing\Common.Drawing.csproj", "{5649A340-1475-4116-B5A1-CD21A99387F5}"
EndProject
Global
	GlobalSection(SolutionConfigurationPlatforms) = preSolution
		Debug|x86 = Debug|x86
		Release|x86 = Release|x86
	EndGlobalSection
	GlobalSection(ProjectConfigurationPlatforms) = postSolution
		{00B0AF4E-9949-40D9-92DB-C5C4DE871834}.Debug|x86.ActiveCfg = Debug|x86
		{00B0AF4E-9949-40D9-92DB-C5C4DE871834}.Debug|x86.Build.0 = Debug|x86
		{00B0AF4E-9949-40D9-92DB-C5C4DE871834}.Release|x86.ActiveCfg = Release|x86
		{00B0AF4E-9949-40D9-92DB-C5C4DE871834}.Release|x86.Build.0 = Release|x86
		{EEED5595-6EB8-473D-B487-334B45D753A6}.Debug|x86.ActiveCfg = Debug|x86
		{EEED5595-6EB8-473D-B487-334B45D753A6}.Debug|x86.Build.0 = Debug|x86
		{EEED5595-6EB8-473D-B487-334B45D753A6}.Release|x86.ActiveCfg = Release|x86
		{EEED5595-6EB8-473D-B487-334B45D753A6}.Release|x86.Build.0 = Release|x86
		{517D1B4D-E8C7-4331-BBE7-300FD6B78441}.Debug|x86.ActiveCfg = Debug|x86
		{517D1B4D-E8C7-4331-BBE7-300FD6B78441}.Debug|x86.Build.0 = Debug|x86
		{517D1B4D-E8C7-4331-BBE7-300FD6B78441}.Release|x86.ActiveCfg = Release|x86
		{517D1B4D-E8C7-4331-BBE7-300FD6B78441}.Release|x86.Build.0 = Release|x86
		{ACD4DF1C-8994-417C-9F40-D2BAEE0DD7A2}.Debug|x86.ActiveCfg = Debug
		{ACD4DF1C-8994-417C-9F40-D2BAEE0DD7A2}.Release|x86.ActiveCfg = Release
		{ACD4DF1C-8994-417C-9F40-D2BAEE0DD7A2}.Release|x86.Build.0 = Release
		{ABA9CC75-B778-4E46-A6F6-AFEC27F2EB59}.Debug|x86.ActiveCfg = Debug|x86
		{ABA9CC75-B778-4E46-A6F6-AFEC27F2EB59}.Debug|x86.Build.0 = Debug|x86
		{ABA9CC75-B778-4E46-A6F6-AFEC27F2EB59}.Release|x86.ActiveCfg = Release|x86
		{ABA9CC75-B778-4E46-A6F6-AFEC27F2EB59}.Release|x86.Build.0 = Release|x86
		{75FA2030-C9CA-4B2D-8534-8F48EEA13CA3}.Debug|x86.ActiveCfg = Debug|x86
		{75FA2030-C9CA-4B2D-8534-8F48EEA13CA3}.Debug|x86.Build.0 = Debug|x86
		{75FA2030-C9CA-4B2D-8534-8F48EEA13CA3}.Release|x86.ActiveCfg = Release|x86
		{75FA2030-C9CA-4B2D-8534-8F48EEA13CA3}.Release|x86.Build.0 = Release|x86
		{6A686BC3-E2A2-4E46-A175-B318FF0A2646}.Debug|x86.ActiveCfg = Debug|x86
		{6A686BC3-E2A2-4E46-A175-B318FF0A2646}.Debug|x86.Build.0 = Debug|x86
		{6A686BC3-E2A2-4E46-A175-B318FF0A2646}.Release|x86.ActiveCfg = Release|x86
		{6A686BC3-E2A2-4E46-A175-B318FF0A2646}.Release|x86.Build.0 = Release|x86
		{78555A0E-5D2F-4328-A4F0-67B5D7E51871}.Debug|x86.ActiveCfg = Debug|x86
		{78555A0E-5D2F-4328-A4F0-67B5D7E51871}.Debug|x86.Build.0 = Debug|x86
		{78555A0E-5D2F-4328-A4F0-67B5D7E51871}.Release|x86.ActiveCfg = Release|x86
		{78555A0E-5D2F-4328-A4F0-67B5D7E51871}.Release|x86.Build.0 = Release|x86
		{04F20E15-844A-4D30-9EC4-E8FD61A043A9}.Debug|x86.ActiveCfg = Debug|x86
		{04F20E15-844A-4D30-9EC4-E8FD61A043A9}.Debug|x86.Build.0 = Debug|x86
		{04F20E15-844A-4D30-9EC4-E8FD61A043A9}.Release|x86.ActiveCfg = Release|x86
		{04F20E15-844A-4D30-9EC4-E8FD61A043A9}.Release|x86.Build.0 = Release|x86
		{04157D6E-AFE0-4399-94D5-306CF4AADAC1}.Debug|x86.ActiveCfg = Debug|x86
		{04157D6E-AFE0-4399-94D5-306CF4AADAC1}.Debug|x86.Build.0 = Debug|x86
		{04157D6E-AFE0-4399-94D5-306CF4AADAC1}.Release|x86.ActiveCfg = Release|x86
		{04157D6E-AFE0-4399-94D5-306CF4AADAC1}.Release|x86.Build.0 = Release|x86
		{6967BFC5-944D-405C-960B-5A4900EBFD92}.Debug|x86.ActiveCfg = Debug|x86
		{6967BFC5-944D-405C-960B-5A4900EBFD92}.Debug|x86.Build.0 = Debug|x86
		{6967BFC5-944D-405C-960B-5A4900EBFD92}.Release|x86.ActiveCfg = Release|x86
		{6967BFC5-944D-405C-960B-5A4900EBFD92}.Release|x86.Build.0 = Release|x86
		{66242024-B7E5-4F66-AC1A-F0E2F1D70899}.Debug|x86.ActiveCfg = Debug|x86
		{66242024-B7E5-4F66-AC1A-F0E2F1D70899}.Debug|x86.Build.0 = Debug|x86
		{66242024-B7E5-4F66-AC1A-F0E2F1D70899}.Release|x86.ActiveCfg = Release|x86
		{66242024-B7E5-4F66-AC1A-F0E2F1D70899}.Release|x86.Build.0 = Release|x86
		{305B6164-1C7D-4627-9774-DB6BD5CF50E8}.Debug|x86.ActiveCfg = Debug|x86
		{305B6164-1C7D-4627-9774-DB6BD5CF50E8}.Debug|x86.Build.0 = Debug|x86
		{305B6164-1C7D-4627-9774-DB6BD5CF50E8}.Release|x86.ActiveCfg = Release|x86
		{305B6164-1C7D-4627-9774-DB6BD5CF50E8}.Release|x86.Build.0 = Release|x86
		{EA92153F-08E5-42B1-B6C5-6B22366E7CF2}.Debug|x86.ActiveCfg = Debug|x86
		{EA92153F-08E5-42B1-B6C5-6B22366E7CF2}.Debug|x86.Build.0 = Debug|x86
		{EA92153F-08E5-42B1-B6C5-6B22366E7CF2}.Release|x86.ActiveCfg = Release|x86
		{EA92153F-08E5-42B1-B6C5-6B22366E7CF2}.Release|x86.Build.0 = Release|x86
		{0CDB21CA-A5F7-446C-837E-C7C37238F2D7}.Debug|x86.ActiveCfg = Debug|x86
		{0CDB21CA-A5F7-446C-837E-C7C37238F2D7}.Debug|x86.Build.0 = Debug|x86
		{0CDB21CA-A5F7-446C-837E-C7C37238F2D7}.Release|x86.ActiveCfg = Release|x86
		{0CDB21CA-A5F7-446C-837E-C7C37238F2D7}.Release|x86.Build.0 = Release|x86
		{1E857490-C70D-4EF8-9EDD-A1FDBCF98AB6}.Debug|x86.ActiveCfg = Debug|x86
		{1E857490-C70D-4EF8-9EDD-A1FDBCF98AB6}.Debug|x86.Build.0 = Debug|x86
		{1E857490-C70D-4EF8-9EDD-A1FDBCF98AB6}.Release|x86.ActiveCfg = Release|x86
		{1E857490-C70D-4EF8-9EDD-A1FDBCF98AB6}.Release|x86.Build.0 = Release|x86
		{188090E9-8B00-457B-85EB-F48BCDD94B0B}.Debug|x86.ActiveCfg = Debug|x86
		{188090E9-8B00-457B-85EB-F48BCDD94B0B}.Debug|x86.Build.0 = Debug|x86
		{188090E9-8B00-457B-85EB-F48BCDD94B0B}.Release|x86.ActiveCfg = Release|x86
		{188090E9-8B00-457B-85EB-F48BCDD94B0B}.Release|x86.Build.0 = Release|x86
		{90B49895-9BF5-48C9-87FE-972E47CDDAE5}.Debug|x86.ActiveCfg = Debug|x86
		{90B49895-9BF5-48C9-87FE-972E47CDDAE5}.Debug|x86.Build.0 = Debug|x86
		{90B49895-9BF5-48C9-87FE-972E47CDDAE5}.Release|x86.ActiveCfg = Release|x86
		{90B49895-9BF5-48C9-87FE-972E47CDDAE5}.Release|x86.Build.0 = Release|x86
		{12474929-EC83-42D9-BD0C-167C40D51182}.Debug|x86.ActiveCfg = Debug|x86
		{12474929-EC83-42D9-BD0C-167C40D51182}.Debug|x86.Build.0 = Debug|x86
		{12474929-EC83-42D9-BD0C-167C40D51182}.Release|x86.ActiveCfg = Release|x86
		{12474929-EC83-42D9-BD0C-167C40D51182}.Release|x86.Build.0 = Release|x86
		{07A76E17-57AE-4952-A309-2A670CE3D7DD}.Debug|x86.ActiveCfg = Debug|x86
		{07A76E17-57AE-4952-A309-2A670CE3D7DD}.Debug|x86.Build.0 = Debug|x86
		{07A76E17-57AE-4952-A309-2A670CE3D7DD}.Release|x86.ActiveCfg = Release|x86
		{07A76E17-57AE-4952-A309-2A670CE3D7DD}.Release|x86.Build.0 = Release|x86
		{738063DA-F792-4081-A70A-4A3190DBC6D2}.Debug|x86.ActiveCfg = Debug|x86
		{738063DA-F792-4081-A70A-4A3190DBC6D2}.Debug|x86.Build.0 = Debug|x86
		{738063DA-F792-4081-A70A-4A3190DBC6D2}.Release|x86.ActiveCfg = Release|x86
		{738063DA-F792-4081-A70A-4A3190DBC6D2}.Release|x86.Build.0 = Release|x86
		{01ADFC8A-742B-4824-8501-8E0DB931B94F}.Debug|x86.ActiveCfg = Debug|x86
		{01ADFC8A-742B-4824-8501-8E0DB931B94F}.Debug|x86.Build.0 = Debug|x86
		{01ADFC8A-742B-4824-8501-8E0DB931B94F}.Release|x86.ActiveCfg = Release|x86
		{01ADFC8A-742B-4824-8501-8E0DB931B94F}.Release|x86.Build.0 = Release|x86
		{5130F409-0E66-4D02-9DE9-7BFB11174C13}.Debug|x86.ActiveCfg = Debug|x86
		{5130F409-0E66-4D02-9DE9-7BFB11174C13}.Debug|x86.Build.0 = Debug|x86
		{5130F409-0E66-4D02-9DE9-7BFB11174C13}.Release|x86.ActiveCfg = Release|x86
		{5130F409-0E66-4D02-9DE9-7BFB11174C13}.Release|x86.Build.0 = Release|x86
		{275C5E8D-A56A-45D2-8F70-93B0797C2E7B}.Debug|x86.ActiveCfg = Debug|x86
		{275C5E8D-A56A-45D2-8F70-93B0797C2E7B}.Debug|x86.Build.0 = Debug|x86
		{275C5E8D-A56A-45D2-8F70-93B0797C2E7B}.Release|x86.ActiveCfg = Release|x86
		{275C5E8D-A56A-45D2-8F70-93B0797C2E7B}.Release|x86.Build.0 = Release|x86
		{3FC238BA-7FC2-47AE-AE45-7CF199EDBE08}.Debug|x86.ActiveCfg = Debug|x86
		{3FC238BA-7FC2-47AE-AE45-7CF199EDBE08}.Debug|x86.Build.0 = Debug|x86
		{3FC238BA-7FC2-47AE-AE45-7CF199EDBE08}.Release|x86.ActiveCfg = Release|x86
		{3FC238BA-7FC2-47AE-AE45-7CF199EDBE08}.Release|x86.Build.0 = Release|x86
		{320431C6-2454-4D95-8D3C-D27C8E2288E9}.Debug|x86.ActiveCfg = Debug|x86
		{320431C6-2454-4D95-8D3C-D27C8E2288E9}.Debug|x86.Build.0 = Debug|x86
		{320431C6-2454-4D95-8D3C-D27C8E2288E9}.Release|x86.ActiveCfg = Release|x86
		{320431C6-2454-4D95-8D3C-D27C8E2288E9}.Release|x86.Build.0 = Release|x86
		{D386EC91-6D89-421F-87BC-4849E0232722}.Debug|x86.ActiveCfg = Debug|x86
		{D386EC91-6D89-421F-87BC-4849E0232722}.Debug|x86.Build.0 = Debug|x86
		{D386EC91-6D89-421F-87BC-4849E0232722}.Release|x86.ActiveCfg = Release|x86
		{D386EC91-6D89-421F-87BC-4849E0232722}.Release|x86.Build.0 = Release|x86
		{A95B675E-E59B-4D44-B66E-8E642B2D825F}.Debug|x86.ActiveCfg = Debug|x86
		{A95B675E-E59B-4D44-B66E-8E642B2D825F}.Debug|x86.Build.0 = Debug|x86
		{A95B675E-E59B-4D44-B66E-8E642B2D825F}.Release|x86.ActiveCfg = Release|x86
		{A95B675E-E59B-4D44-B66E-8E642B2D825F}.Release|x86.Build.0 = Release|x86
		{E930BA7B-7474-49D7-B7CF-25106C450190}.Debug|x86.ActiveCfg = Debug|x86
		{E930BA7B-7474-49D7-B7CF-25106C450190}.Debug|x86.Build.0 = Debug|x86
		{E930BA7B-7474-49D7-B7CF-25106C450190}.Release|x86.ActiveCfg = Release|x86
		{E930BA7B-7474-49D7-B7CF-25106C450190}.Release|x86.Build.0 = Release|x86
		{5649A340-1475-4116-B5A1-CD21A99387F5}.Debug|x86.ActiveCfg = Debug|x86
		{5649A340-1475-4116-B5A1-CD21A99387F5}.Debug|x86.Build.0 = Debug|x86
		{5649A340-1475-4116-B5A1-CD21A99387F5}.Release|x86.ActiveCfg = Release|x86
		{5649A340-1475-4116-B5A1-CD21A99387F5}.Release|x86.Build.0 = Release|x86
	EndGlobalSection
	GlobalSection(SolutionProperties) = preSolution
		HideSolutionNode = FALSE
	EndGlobalSection
	GlobalSection(NestedProjects) = preSolution
		{ABA9CC75-B778-4E46-A6F6-AFEC27F2EB59} = {B75892D5-8A05-4C57-82D7-C2886157DF41}
		{04157D6E-AFE0-4399-94D5-306CF4AADAC1} = {B75892D5-8A05-4C57-82D7-C2886157DF41}
		{6967BFC5-944D-405C-960B-5A4900EBFD92} = {87B9C1D4-61AB-457C-8388-E6DA96325539}
		{66242024-B7E5-4F66-AC1A-F0E2F1D70899} = {87B9C1D4-61AB-457C-8388-E6DA96325539}
		{305B6164-1C7D-4627-9774-DB6BD5CF50E8} = {87B9C1D4-61AB-457C-8388-E6DA96325539}
		{EA92153F-08E5-42B1-B6C5-6B22366E7CF2} = {87B9C1D4-61AB-457C-8388-E6DA96325539}
		{0CDB21CA-A5F7-446C-837E-C7C37238F2D7} = {B75892D5-8A05-4C57-82D7-C2886157DF41}
		{1E857490-C70D-4EF8-9EDD-A1FDBCF98AB6} = {B75892D5-8A05-4C57-82D7-C2886157DF41}
		{188090E9-8B00-457B-85EB-F48BCDD94B0B} = {B75892D5-8A05-4C57-82D7-C2886157DF41}
		{90B49895-9BF5-48C9-87FE-972E47CDDAE5} = {B75892D5-8A05-4C57-82D7-C2886157DF41}
		{12474929-EC83-42D9-BD0C-167C40D51182} = {B75892D5-8A05-4C57-82D7-C2886157DF41}
		{07A76E17-57AE-4952-A309-2A670CE3D7DD} = {B75892D5-8A05-4C57-82D7-C2886157DF41}
		{738063DA-F792-4081-A70A-4A3190DBC6D2} = {B75892D5-8A05-4C57-82D7-C2886157DF41}
		{01ADFC8A-742B-4824-8501-8E0DB931B94F} = {B75892D5-8A05-4C57-82D7-C2886157DF41}
		{5130F409-0E66-4D02-9DE9-7BFB11174C13} = {B75892D5-8A05-4C57-82D7-C2886157DF41}
		{275C5E8D-A56A-45D2-8F70-93B0797C2E7B} = {B75892D5-8A05-4C57-82D7-C2886157DF41}
		{3FC238BA-7FC2-47AE-AE45-7CF199EDBE08} = {B75892D5-8A05-4C57-82D7-C2886157DF41}
		{320431C6-2454-4D95-8D3C-D27C8E2288E9} = {B75892D5-8A05-4C57-82D7-C2886157DF41}
		{D386EC91-6D89-421F-87BC-4849E0232722} = {87B9C1D4-61AB-457C-8388-E6DA96325539}
		{A95B675E-E59B-4D44-B66E-8E642B2D825F} = {87B9C1D4-61AB-457C-8388-E6DA96325539}
		{5649A340-1475-4116-B5A1-CD21A99387F5} = {B75892D5-8A05-4C57-82D7-C2886157DF41}
	EndGlobalSection
	GlobalSection(ExtensibilityGlobals) = postSolution
		SolutionGuid = {D2193C7D-F12E-4C5A-BC76-45D3DAB34D0A}
	EndGlobalSection
EndGlobal
