
Microsoft Visual Studio Solution File, Format Version 12.00
# Visual Studio 15
VisualStudioVersion = 15.0.27004.2009
MinimumVisualStudioVersion = 10.0.40219.1
Project("{FAE04EC0-301F-11D3-BF4B-00C04F79EFBC}") = "SoundCardRWR", "SoundCardRWR\SoundCardRWR.csproj", "{FD97D5B6-B3E0-4E92-ABAB-4097F5109F4E}"
EndProject
Project("{FAE04EC0-301F-11D3-BF4B-00C04F79EFBC}") = "SoundCardRWR.UnitTests", "SoundCardRWR.UnitTests\SoundCardRWR.UnitTests.csproj", "{D200C986-285B-466E-83C9-28F582E2BB00}"
EndProject
Project("{FAE04EC0-301F-11D3-BF4B-00C04F79EFBC}") = "LightningGauges", "..\LightningGauges\LightningGauges\LightningGauges.csproj", "{E3E09957-DD05-4DEC-961A-915A082C0BC4}"
EndProject
Project("{FAE04EC0-301F-11D3-BF4B-00C04F79EFBC}") = "Common.SimSupport", "..\Common\SimSupport\Common.SimSupport.csproj", "{275C5E8D-A56A-45D2-8F70-93B0797C2E7B}"
EndProject
Project("{FAE04EC0-301F-11D3-BF4B-00C04F79EFBC}") = "Common.Drawing", "..\Common\Drawing\Common.Drawing.csproj", "{5649A340-1475-4116-B5A1-CD21A99387F5}"
EndProject
Project("{FAE04EC0-301F-11D3-BF4B-00C04F79EFBC}") = "Common", "..\Common\Common.csproj", "{ABA9CC75-B778-4E46-A6F6-AFEC27F2EB59}"
EndProject
Project("{FAE04EC0-301F-11D3-BF4B-00C04F79EFBC}") = "Common.MacroProgramming", "..\Common\MacroProgramming\Common.MacroProgramming.csproj", "{320431C6-2454-4D95-8D3C-D27C8E2288E9}"
EndProject
Project("{2150E333-8FDC-42A3-9474-1A3956D46DE8}") = "Common", "Common", "{66435CFB-5D78-4752-94BA-F8A52D87366B}"
EndProject
Project("{FAE04EC0-301F-11D3-BF4B-00C04F79EFBC}") = "Common.Win32", "..\Common\Win32\Common.Win32.csproj", "{188090E9-8B00-457B-85EB-F48BCDD94B0B}"
EndProject
Project("{FAE04EC0-301F-11D3-BF4B-00C04F79EFBC}") = "Common.Imaging", "..\Common\Imaging\Common.Imaging.csproj", "{04157D6E-AFE0-4399-94D5-306CF4AADAC1}"
EndProject
Project("{FAE04EC0-301F-11D3-BF4B-00C04F79EFBC}") = "Common.UI", "..\Common\UI\Common.UI.csproj", "{3FC238BA-7FC2-47AE-AE45-7CF199EDBE08}"
EndProject
Project("{FAE04EC0-301F-11D3-BF4B-00C04F79EFBC}") = "F4SharedMem", "..\F4SharedMem\F4SharedMem.csproj", "{517D1B4D-E8C7-4331-BBE7-300FD6B78441}"
EndProject
Global
	GlobalSection(SolutionConfigurationPlatforms) = preSolution
		Debug|x86 = Debug|x86
		Release|x86 = Release|x86
	EndGlobalSection
	GlobalSection(ProjectConfigurationPlatforms) = postSolution
		{FD97D5B6-B3E0-4E92-ABAB-4097F5109F4E}.Debug|x86.ActiveCfg = Debug|x86
		{FD97D5B6-B3E0-4E92-ABAB-4097F5109F4E}.Debug|x86.Build.0 = Debug|x86
		{FD97D5B6-B3E0-4E92-ABAB-4097F5109F4E}.Release|x86.ActiveCfg = Release|x86
		{FD97D5B6-B3E0-4E92-ABAB-4097F5109F4E}.Release|x86.Build.0 = Release|x86
		{D200C986-285B-466E-83C9-28F582E2BB00}.Debug|x86.ActiveCfg = Debug|x86
		{D200C986-285B-466E-83C9-28F582E2BB00}.Debug|x86.Build.0 = Debug|x86
		{D200C986-285B-466E-83C9-28F582E2BB00}.Release|x86.ActiveCfg = Release|x86
		{D200C986-285B-466E-83C9-28F582E2BB00}.Release|x86.Build.0 = Release|x86
		{E3E09957-DD05-4DEC-961A-915A082C0BC4}.Debug|x86.ActiveCfg = Debug|x86
		{E3E09957-DD05-4DEC-961A-915A082C0BC4}.Debug|x86.Build.0 = Debug|x86
		{E3E09957-DD05-4DEC-961A-915A082C0BC4}.Release|x86.ActiveCfg = Release|x86
		{E3E09957-DD05-4DEC-961A-915A082C0BC4}.Release|x86.Build.0 = Release|x86
		{275C5E8D-A56A-45D2-8F70-93B0797C2E7B}.Debug|x86.ActiveCfg = Debug|x86
		{275C5E8D-A56A-45D2-8F70-93B0797C2E7B}.Debug|x86.Build.0 = Debug|x86
		{275C5E8D-A56A-45D2-8F70-93B0797C2E7B}.Release|x86.ActiveCfg = Release|x86
		{275C5E8D-A56A-45D2-8F70-93B0797C2E7B}.Release|x86.Build.0 = Release|x86
		{5649A340-1475-4116-B5A1-CD21A99387F5}.Debug|x86.ActiveCfg = Debug|x86
		{5649A340-1475-4116-B5A1-CD21A99387F5}.Debug|x86.Build.0 = Debug|x86
		{5649A340-1475-4116-B5A1-CD21A99387F5}.Release|x86.ActiveCfg = Release|x86
		{5649A340-1475-4116-B5A1-CD21A99387F5}.Release|x86.Build.0 = Release|x86
		{ABA9CC75-B778-4E46-A6F6-AFEC27F2EB59}.Debug|x86.ActiveCfg = Debug|x86
		{ABA9CC75-B778-4E46-A6F6-AFEC27F2EB59}.Debug|x86.Build.0 = Debug|x86
		{ABA9CC75-B778-4E46-A6F6-AFEC27F2EB59}.Release|x86.ActiveCfg = Release|x86
		{ABA9CC75-B778-4E46-A6F6-AFEC27F2EB59}.Release|x86.Build.0 = Release|x86
		{320431C6-2454-4D95-8D3C-D27C8E2288E9}.Debug|x86.ActiveCfg = Debug|x86
		{320431C6-2454-4D95-8D3C-D27C8E2288E9}.Debug|x86.Build.0 = Debug|x86
		{320431C6-2454-4D95-8D3C-D27C8E2288E9}.Release|x86.ActiveCfg = Release|x86
		{320431C6-2454-4D95-8D3C-D27C8E2288E9}.Release|x86.Build.0 = Release|x86
		{188090E9-8B00-457B-85EB-F48BCDD94B0B}.Debug|x86.ActiveCfg = Debug|x86
		{188090E9-8B00-457B-85EB-F48BCDD94B0B}.Debug|x86.Build.0 = Debug|x86
		{188090E9-8B00-457B-85EB-F48BCDD94B0B}.Release|x86.ActiveCfg = Release|x86
		{188090E9-8B00-457B-85EB-F48BCDD94B0B}.Release|x86.Build.0 = Release|x86
		{04157D6E-AFE0-4399-94D5-306CF4AADAC1}.Debug|x86.ActiveCfg = Debug|x86
		{04157D6E-AFE0-4399-94D5-306CF4AADAC1}.Debug|x86.Build.0 = Debug|x86
		{04157D6E-AFE0-4399-94D5-306CF4AADAC1}.Release|x86.ActiveCfg = Release|x86
		{04157D6E-AFE0-4399-94D5-306CF4AADAC1}.Release|x86.Build.0 = Release|x86
		{3FC238BA-7FC2-47AE-AE45-7CF199EDBE08}.Debug|x86.ActiveCfg = Debug|x86
		{3FC238BA-7FC2-47AE-AE45-7CF199EDBE08}.Debug|x86.Build.0 = Debug|x86
		{3FC238BA-7FC2-47AE-AE45-7CF199EDBE08}.Release|x86.ActiveCfg = Release|x86
		{3FC238BA-7FC2-47AE-AE45-7CF199EDBE08}.Release|x86.Build.0 = Release|x86
		{517D1B4D-E8C7-4331-BBE7-300FD6B78441}.Debug|x86.ActiveCfg = Debug|x86
		{517D1B4D-E8C7-4331-BBE7-300FD6B78441}.Debug|x86.Build.0 = Debug|x86
		{517D1B4D-E8C7-4331-BBE7-300FD6B78441}.Release|x86.ActiveCfg = Release|x86
		{517D1B4D-E8C7-4331-BBE7-300FD6B78441}.Release|x86.Build.0 = Release|x86
	EndGlobalSection
	GlobalSection(SolutionProperties) = preSolution
		HideSolutionNode = FALSE
	EndGlobalSection
	GlobalSection(NestedProjects) = preSolution
		{275C5E8D-A56A-45D2-8F70-93B0797C2E7B} = {66435CFB-5D78-4752-94BA-F8A52D87366B}
		{5649A340-1475-4116-B5A1-CD21A99387F5} = {66435CFB-5D78-4752-94BA-F8A52D87366B}
		{ABA9CC75-B778-4E46-A6F6-AFEC27F2EB59} = {66435CFB-5D78-4752-94BA-F8A52D87366B}
		{320431C6-2454-4D95-8D3C-D27C8E2288E9} = {66435CFB-5D78-4752-94BA-F8A52D87366B}
		{188090E9-8B00-457B-85EB-F48BCDD94B0B} = {66435CFB-5D78-4752-94BA-F8A52D87366B}
		{04157D6E-AFE0-4399-94D5-306CF4AADAC1} = {66435CFB-5D78-4752-94BA-F8A52D87366B}
		{3FC238BA-7FC2-47AE-AE45-7CF199EDBE08} = {66435CFB-5D78-4752-94BA-F8A52D87366B}
	EndGlobalSection
	GlobalSection(ExtensibilityGlobals) = postSolution
		SolutionGuid = {3B2BB4AB-A35F-4D0B-88C0-3DD908929DB0}
	EndGlobalSection
EndGlobal
