Microsoft Visual Studio Solution File, Format Version 12.00
# Visual Studio 15
VisualStudioVersion = 15.0.26403.7
MinimumVisualStudioVersion = 10.0.40219.1
Project("{FAE04EC0-301F-11D3-BF4B-00C04F79EFBC}") = "F4TexSharedMemTester", "F4TexSharedMemTester.csproj", "{A1539891-C0EF-4264-916E-36BA4CD89B60}"
EndProject
Project("{FAE04EC0-301F-11D3-BF4B-00C04F79EFBC}") = "F4TexSharedMem", "..\F4TexSharedMem\F4TexSharedMem.csproj", "{E930BA7B-7474-49D7-B7CF-25106C450190}"
EndProject
Project("{54435603-DBB4-11D2-8724-00A0C9A8B90C}") = "F4TexSharedMemTesterSetup", "F4TexSharedMemTesterSetup\F4TexSharedMemTesterSetup.vdproj", "{B21216BA-3336-4436-9A46-EA9B3E9B2AA2}"
EndProject
Global
	GlobalSection(SolutionConfigurationPlatforms) = preSolution
		Debug|x86 = Debug|x86
		Release|x86 = Release|x86
	EndGlobalSection
	GlobalSection(ProjectConfigurationPlatforms) = postSolution
		{A1539891-C0EF-4264-916E-36BA4CD89B60}.Debug|x86.ActiveCfg = Debug|x86
		{A1539891-C0EF-4264-916E-36BA4CD89B60}.Debug|x86.Build.0 = Debug|x86
		{A1539891-C0EF-4264-916E-36BA4CD89B60}.Release|x86.ActiveCfg = Release|x86
		{A1539891-C0EF-4264-916E-36BA4CD89B60}.Release|x86.Build.0 = Release|x86
		{E930BA7B-7474-49D7-B7CF-25106C450190}.Debug|x86.ActiveCfg = Debug|x86
		{E930BA7B-7474-49D7-B7CF-25106C450190}.Debug|x86.Build.0 = Debug|x86
		{E930BA7B-7474-49D7-B7CF-25106C450190}.Release|x86.ActiveCfg = Release|x86
		{E930BA7B-7474-49D7-B7CF-25106C450190}.Release|x86.Build.0 = Release|x86
		{B21216BA-3336-4436-9A46-EA9B3E9B2AA2}.Debug|x86.ActiveCfg = Debug
		{B21216BA-3336-4436-9A46-EA9B3E9B2AA2}.Release|x86.ActiveCfg = Release
		{B21216BA-3336-4436-9A46-EA9B3E9B2AA2}.Release|x86.Build.0 = Release
	EndGlobalSection
	GlobalSection(SolutionProperties) = preSolution
		HideSolutionNode = FALSE
	EndGlobalSection
EndGlobal
