
Microsoft Visual Studio Solution File, Format Version 12.00
# Visual Studio 15
VisualStudioVersion = 15.0.28010.2003
MinimumVisualStudioVersion = 10.0.40219.1
Project("{FAE04EC0-301F-11D3-BF4B-00C04F79EFBC}") = "Common", "Common.csproj", "{ABA9CC75-B778-4E46-A6F6-AFEC27F2EB59}"
EndProject
Project("{FAE04EC0-301F-11D3-BF4B-00C04F79EFBC}") = "BIUSBWrapper", "..\BIUSBWrapper\BIUSBWrapper.csproj", "{6A686BC3-E2A2-4E46-A175-B318FF0A2646}"
EndProject
Project("{FAE04EC0-301F-11D3-BF4B-00C04F79EFBC}") = "PHCC", "..\PHCC\PHCC.csproj", "{75FA2030-C9CA-4B2D-8534-8F48EEA13CA3}"
EndProject
Project("{FAE04EC0-301F-11D3-BF4B-00C04F79EFBC}") = "PPJoyWrapper", "..\PPJoyWrapper\PPJoyWrapper.csproj", "{78555A0E-5D2F-4328-A4F0-67B5D7E51871}"
EndProject
Project("{FAE04EC0-301F-11D3-BF4B-00C04F79EFBC}") = "Common.Imaging", "Imaging\Common.Imaging.csproj", "{04157D6E-AFE0-4399-94D5-306CF4AADAC1}"
EndProject
Project("{FAE04EC0-301F-11D3-BF4B-00C04F79EFBC}") = "Common.Application", "Application\Common.Application.csproj", "{0CDB21CA-A5F7-446C-837E-C7C37238F2D7}"
EndProject
Project("{FAE04EC0-301F-11D3-BF4B-00C04F79EFBC}") = "Common.Compression", "Compression\Common.Compression.csproj", "{1E857490-C70D-4EF8-9EDD-A1FDBCF98AB6}"
EndProject
Project("{FAE04EC0-301F-11D3-BF4B-00C04F79EFBC}") = "Common.HardwareSupport", "HardwareSupport\Common.HardwareSupport.csproj", "{B8FCC824-2B39-4637-A447-64D60CF60811}"
EndProject
Project("{FAE04EC0-301F-11D3-BF4B-00C04F79EFBC}") = "Common.InputSupport", "InputSupport\Common.InputSupport.csproj", "{90B49895-9BF5-48C9-87FE-972E47CDDAE5}"
EndProject
Project("{FAE04EC0-301F-11D3-BF4B-00C04F79EFBC}") = "Common.InputSupport.BetaInnovations", "InputSupport\BetaInnovations\Common.InputSupport.BetaInnovations.csproj", "{12474929-EC83-42D9-BD0C-167C40D51182}"
EndProject
Project("{FAE04EC0-301F-11D3-BF4B-00C04F79EFBC}") = "Common.InputSupport.DirectInput", "InputSupport\DirectInput\Common.InputSupport.DirectInput.csproj", "{07A76E17-57AE-4952-A309-2A670CE3D7DD}"
EndProject
Project("{FAE04EC0-301F-11D3-BF4B-00C04F79EFBC}") = "Common.InputSupport.Phcc", "InputSupport\Phcc\Common.InputSupport.Phcc.csproj", "{738063DA-F792-4081-A70A-4A3190DBC6D2}"
EndProject
Project("{FAE04EC0-301F-11D3-BF4B-00C04F79EFBC}") = "Common.InputSupport.UI", "InputSupport\UI\Common.InputSupport.UI.csproj", "{01ADFC8A-742B-4824-8501-8E0DB931B94F}"
EndProject
Project("{FAE04EC0-301F-11D3-BF4B-00C04F79EFBC}") = "Common.MacroProgramming", "MacroProgramming\Common.MacroProgramming.csproj", "{320431C6-2454-4D95-8D3C-D27C8E2288E9}"
EndProject
Project("{FAE04EC0-301F-11D3-BF4B-00C04F79EFBC}") = "Common.PDF", "PDF\Common.PDF.csproj", "{5130F409-0E66-4D02-9DE9-7BFB11174C13}"
EndProject
Project("{FAE04EC0-301F-11D3-BF4B-00C04F79EFBC}") = "Common.SimSupport", "SimSupport\Common.SimSupport.csproj", "{275C5E8D-A56A-45D2-8F70-93B0797C2E7B}"
EndProject
Project("{FAE04EC0-301F-11D3-BF4B-00C04F79EFBC}") = "Common.UI", "UI\Common.UI.csproj", "{3FC238BA-7FC2-47AE-AE45-7CF199EDBE08}"
EndProject
Project("{FAE04EC0-301F-11D3-BF4B-00C04F79EFBC}") = "Common.Win32", "Win32\Common.Win32.csproj", "{188090E9-8B00-457B-85EB-F48BCDD94B0B}"
EndProject
Project("{2150E333-8FDC-42A3-9474-1A3956D46DE8}") = "Common", "Common", "{66B83B83-A462-4CF4-A800-2BF3088A6702}"
EndProject
Project("{FAE04EC0-301F-11D3-BF4B-00C04F79EFBC}") = "Common.Drawing", "Drawing\Common.Drawing.csproj", "{5649A340-1475-4116-B5A1-CD21A99387F5}"
EndProject
Project("{FAE04EC0-301F-11D3-BF4B-00C04F79EFBC}") = "Pdf2Img", "..\Pdf2Img\Pdf2Img\Pdf2Img.csproj", "{2D16B3B2-66CA-4BD8-A1EB-5C2AB288F334}"
EndProject
Project("{2150E333-8FDC-42A3-9474-1A3956D46DE8}") = "Pdf2Img", "Pdf2Img", "{7934C3B4-6371-452F-B360-6EFBE8D17AFB}"
EndProject
Global
	GlobalSection(SolutionConfigurationPlatforms) = preSolution
		Debug|x86 = Debug|x86
		Release|x86 = Release|x86
	EndGlobalSection
	GlobalSection(ProjectConfigurationPlatforms) = postSolution
		{ABA9CC75-B778-4E46-A6F6-AFEC27F2EB59}.Debug|x86.ActiveCfg = Debug|x86
		{ABA9CC75-B778-4E46-A6F6-AFEC27F2EB59}.Debug|x86.Build.0 = Debug|x86
		{ABA9CC75-B778-4E46-A6F6-AFEC27F2EB59}.Release|x86.ActiveCfg = Release|x86
		{ABA9CC75-B778-4E46-A6F6-AFEC27F2EB59}.Release|x86.Build.0 = Release|x86
		{6A686BC3-E2A2-4E46-A175-B318FF0A2646}.Debug|x86.ActiveCfg = Debug|x86
		{6A686BC3-E2A2-4E46-A175-B318FF0A2646}.Debug|x86.Build.0 = Debug|x86
		{6A686BC3-E2A2-4E46-A175-B318FF0A2646}.Release|x86.ActiveCfg = Release|x86
		{6A686BC3-E2A2-4E46-A175-B318FF0A2646}.Release|x86.Build.0 = Release|x86
		{75FA2030-C9CA-4B2D-8534-8F48EEA13CA3}.Debug|x86.ActiveCfg = Debug|x86
		{75FA2030-C9CA-4B2D-8534-8F48EEA13CA3}.Debug|x86.Build.0 = Debug|x86
		{75FA2030-C9CA-4B2D-8534-8F48EEA13CA3}.Release|x86.ActiveCfg = Release|x86
		{75FA2030-C9CA-4B2D-8534-8F48EEA13CA3}.Release|x86.Build.0 = Release|x86
		{78555A0E-5D2F-4328-A4F0-67B5D7E51871}.Debug|x86.ActiveCfg = Debug|x86
		{78555A0E-5D2F-4328-A4F0-67B5D7E51871}.Debug|x86.Build.0 = Debug|x86
		{78555A0E-5D2F-4328-A4F0-67B5D7E51871}.Release|x86.ActiveCfg = Release|x86
		{78555A0E-5D2F-4328-A4F0-67B5D7E51871}.Release|x86.Build.0 = Release|x86
		{04157D6E-AFE0-4399-94D5-306CF4AADAC1}.Debug|x86.ActiveCfg = Debug|x86
		{04157D6E-AFE0-4399-94D5-306CF4AADAC1}.Debug|x86.Build.0 = Debug|x86
		{04157D6E-AFE0-4399-94D5-306CF4AADAC1}.Release|x86.ActiveCfg = Release|x86
		{04157D6E-AFE0-4399-94D5-306CF4AADAC1}.Release|x86.Build.0 = Release|x86
		{0CDB21CA-A5F7-446C-837E-C7C37238F2D7}.Debug|x86.ActiveCfg = Debug|x86
		{0CDB21CA-A5F7-446C-837E-C7C37238F2D7}.Debug|x86.Build.0 = Debug|x86
		{0CDB21CA-A5F7-446C-837E-C7C37238F2D7}.Release|x86.ActiveCfg = Release|x86
		{0CDB21CA-A5F7-446C-837E-C7C37238F2D7}.Release|x86.Build.0 = Release|x86
		{1E857490-C70D-4EF8-9EDD-A1FDBCF98AB6}.Debug|x86.ActiveCfg = Debug|x86
		{1E857490-C70D-4EF8-9EDD-A1FDBCF98AB6}.Debug|x86.Build.0 = Debug|x86
		{1E857490-C70D-4EF8-9EDD-A1FDBCF98AB6}.Release|x86.ActiveCfg = Release|x86
		{1E857490-C70D-4EF8-9EDD-A1FDBCF98AB6}.Release|x86.Build.0 = Release|x86
		{B8FCC824-2B39-4637-A447-64D60CF60811}.Debug|x86.ActiveCfg = Debug|x86
		{B8FCC824-2B39-4637-A447-64D60CF60811}.Debug|x86.Build.0 = Debug|x86
		{B8FCC824-2B39-4637-A447-64D60CF60811}.Release|x86.ActiveCfg = Release|x86
		{B8FCC824-2B39-4637-A447-64D60CF60811}.Release|x86.Build.0 = Release|x86
		{90B49895-9BF5-48C9-87FE-972E47CDDAE5}.Debug|x86.ActiveCfg = Debug|x86
		{90B49895-9BF5-48C9-87FE-972E47CDDAE5}.Debug|x86.Build.0 = Debug|x86
		{90B49895-9BF5-48C9-87FE-972E47CDDAE5}.Release|x86.ActiveCfg = Release|x86
		{90B49895-9BF5-48C9-87FE-972E47CDDAE5}.Release|x86.Build.0 = Release|x86
		{12474929-EC83-42D9-BD0C-167C40D51182}.Debug|x86.ActiveCfg = Debug|x86
		{12474929-EC83-42D9-BD0C-167C40D51182}.Debug|x86.Build.0 = Debug|x86
		{12474929-EC83-42D9-BD0C-167C40D51182}.Release|x86.ActiveCfg = Release|x86
		{12474929-EC83-42D9-BD0C-167C40D51182}.Release|x86.Build.0 = Release|x86
		{07A76E17-57AE-4952-A309-2A670CE3D7DD}.Debug|x86.ActiveCfg = Debug|x86
		{07A76E17-57AE-4952-A309-2A670CE3D7DD}.Debug|x86.Build.0 = Debug|x86
		{07A76E17-57AE-4952-A309-2A670CE3D7DD}.Release|x86.ActiveCfg = Release|x86
		{07A76E17-57AE-4952-A309-2A670CE3D7DD}.Release|x86.Build.0 = Release|x86
		{738063DA-F792-4081-A70A-4A3190DBC6D2}.Debug|x86.ActiveCfg = Debug|x86
		{738063DA-F792-4081-A70A-4A3190DBC6D2}.Debug|x86.Build.0 = Debug|x86
		{738063DA-F792-4081-A70A-4A3190DBC6D2}.Release|x86.ActiveCfg = Release|x86
		{738063DA-F792-4081-A70A-4A3190DBC6D2}.Release|x86.Build.0 = Release|x86
		{01ADFC8A-742B-4824-8501-8E0DB931B94F}.Debug|x86.ActiveCfg = Debug|x86
		{01ADFC8A-742B-4824-8501-8E0DB931B94F}.Debug|x86.Build.0 = Debug|x86
		{01ADFC8A-742B-4824-8501-8E0DB931B94F}.Release|x86.ActiveCfg = Release|x86
		{01ADFC8A-742B-4824-8501-8E0DB931B94F}.Release|x86.Build.0 = Release|x86
		{320431C6-2454-4D95-8D3C-D27C8E2288E9}.Debug|x86.ActiveCfg = Debug|x86
		{320431C6-2454-4D95-8D3C-D27C8E2288E9}.Debug|x86.Build.0 = Debug|x86
		{320431C6-2454-4D95-8D3C-D27C8E2288E9}.Release|x86.ActiveCfg = Release|x86
		{320431C6-2454-4D95-8D3C-D27C8E2288E9}.Release|x86.Build.0 = Release|x86
		{5130F409-0E66-4D02-9DE9-7BFB11174C13}.Debug|x86.ActiveCfg = Debug|x86
		{5130F409-0E66-4D02-9DE9-7BFB11174C13}.Debug|x86.Build.0 = Debug|x86
		{5130F409-0E66-4D02-9DE9-7BFB11174C13}.Release|x86.ActiveCfg = Release|x86
		{5130F409-0E66-4D02-9DE9-7BFB11174C13}.Release|x86.Build.0 = Release|x86
		{275C5E8D-A56A-45D2-8F70-93B0797C2E7B}.Debug|x86.ActiveCfg = Debug|x86
		{275C5E8D-A56A-45D2-8F70-93B0797C2E7B}.Debug|x86.Build.0 = Debug|x86
		{275C5E8D-A56A-45D2-8F70-93B0797C2E7B}.Release|x86.ActiveCfg = Release|x86
		{275C5E8D-A56A-45D2-8F70-93B0797C2E7B}.Release|x86.Build.0 = Release|x86
		{3FC238BA-7FC2-47AE-AE45-7CF199EDBE08}.Debug|x86.ActiveCfg = Debug|x86
		{3FC238BA-7FC2-47AE-AE45-7CF199EDBE08}.Debug|x86.Build.0 = Debug|x86
		{3FC238BA-7FC2-47AE-AE45-7CF199EDBE08}.Release|x86.ActiveCfg = Release|x86
		{3FC238BA-7FC2-47AE-AE45-7CF199EDBE08}.Release|x86.Build.0 = Release|x86
		{188090E9-8B00-457B-85EB-F48BCDD94B0B}.Debug|x86.ActiveCfg = Debug|x86
		{188090E9-8B00-457B-85EB-F48BCDD94B0B}.Debug|x86.Build.0 = Debug|x86
		{188090E9-8B00-457B-85EB-F48BCDD94B0B}.Release|x86.ActiveCfg = Release|x86
		{188090E9-8B00-457B-85EB-F48BCDD94B0B}.Release|x86.Build.0 = Release|x86
		{5649A340-1475-4116-B5A1-CD21A99387F5}.Debug|x86.ActiveCfg = Debug|x86
		{5649A340-1475-4116-B5A1-CD21A99387F5}.Debug|x86.Build.0 = Debug|x86
		{5649A340-1475-4116-B5A1-CD21A99387F5}.Release|x86.ActiveCfg = Release|x86
		{5649A340-1475-4116-B5A1-CD21A99387F5}.Release|x86.Build.0 = Release|x86
		{2D16B3B2-66CA-4BD8-A1EB-5C2AB288F334}.Debug|x86.ActiveCfg = Debug|x86
		{2D16B3B2-66CA-4BD8-A1EB-5C2AB288F334}.Debug|x86.Build.0 = Debug|x86
		{2D16B3B2-66CA-4BD8-A1EB-5C2AB288F334}.Release|x86.ActiveCfg = Release|x86
		{2D16B3B2-66CA-4BD8-A1EB-5C2AB288F334}.Release|x86.Build.0 = Release|x86
	EndGlobalSection
	GlobalSection(SolutionProperties) = preSolution
		HideSolutionNode = FALSE
	EndGlobalSection
	GlobalSection(NestedProjects) = preSolution
		{ABA9CC75-B778-4E46-A6F6-AFEC27F2EB59} = {66B83B83-A462-4CF4-A800-2BF3088A6702}
		{04157D6E-AFE0-4399-94D5-306CF4AADAC1} = {66B83B83-A462-4CF4-A800-2BF3088A6702}
		{0CDB21CA-A5F7-446C-837E-C7C37238F2D7} = {66B83B83-A462-4CF4-A800-2BF3088A6702}
		{1E857490-C70D-4EF8-9EDD-A1FDBCF98AB6} = {66B83B83-A462-4CF4-A800-2BF3088A6702}
		{B8FCC824-2B39-4637-A447-64D60CF60811} = {66B83B83-A462-4CF4-A800-2BF3088A6702}
		{90B49895-9BF5-48C9-87FE-972E47CDDAE5} = {66B83B83-A462-4CF4-A800-2BF3088A6702}
		{12474929-EC83-42D9-BD0C-167C40D51182} = {66B83B83-A462-4CF4-A800-2BF3088A6702}
		{07A76E17-57AE-4952-A309-2A670CE3D7DD} = {66B83B83-A462-4CF4-A800-2BF3088A6702}
		{738063DA-F792-4081-A70A-4A3190DBC6D2} = {66B83B83-A462-4CF4-A800-2BF3088A6702}
		{01ADFC8A-742B-4824-8501-8E0DB931B94F} = {66B83B83-A462-4CF4-A800-2BF3088A6702}
		{320431C6-2454-4D95-8D3C-D27C8E2288E9} = {66B83B83-A462-4CF4-A800-2BF3088A6702}
		{5130F409-0E66-4D02-9DE9-7BFB11174C13} = {66B83B83-A462-4CF4-A800-2BF3088A6702}
		{275C5E8D-A56A-45D2-8F70-93B0797C2E7B} = {66B83B83-A462-4CF4-A800-2BF3088A6702}
		{3FC238BA-7FC2-47AE-AE45-7CF199EDBE08} = {66B83B83-A462-4CF4-A800-2BF3088A6702}
		{188090E9-8B00-457B-85EB-F48BCDD94B0B} = {66B83B83-A462-4CF4-A800-2BF3088A6702}
		{5649A340-1475-4116-B5A1-CD21A99387F5} = {66B83B83-A462-4CF4-A800-2BF3088A6702}
		{2D16B3B2-66CA-4BD8-A1EB-5C2AB288F334} = {7934C3B4-6371-452F-B360-6EFBE8D17AFB}
	EndGlobalSection
	GlobalSection(ExtensibilityGlobals) = postSolution
		SolutionGuid = {400E7D75-AC2D-47B7-9513-C4A8F2AD9F97}
	EndGlobalSection
EndGlobal
